// !$*UTF8*$!
{
	archiveVersion = 1;
	classes = {
	};
	objectVersion = 46;
	objects = {

/* Begin PBXBuildFile section */
		7A0D70951EC13F09003F2950 /* ft_strsplit2.c in Sources */ = {isa = PBXBuildFile; fileRef = 7A0D70941EC13F09003F2950 /* ft_strsplit2.c */; };
		7A3515761E95B153003F6CBB /* ft_atoi.c in Sources */ = {isa = PBXBuildFile; fileRef = 7A3515351E95B153003F6CBB /* ft_atoi.c */; };
		7A3515771E95B153003F6CBB /* ft_bzero.c in Sources */ = {isa = PBXBuildFile; fileRef = 7A3515361E95B153003F6CBB /* ft_bzero.c */; };
		7A3515791E95B153003F6CBB /* ft_isalnum.c in Sources */ = {isa = PBXBuildFile; fileRef = 7A3515381E95B153003F6CBB /* ft_isalnum.c */; };
		7A35157A1E95B153003F6CBB /* ft_isalpha.c in Sources */ = {isa = PBXBuildFile; fileRef = 7A3515391E95B153003F6CBB /* ft_isalpha.c */; };
		7A35157B1E95B153003F6CBB /* ft_isascii.c in Sources */ = {isa = PBXBuildFile; fileRef = 7A35153A1E95B153003F6CBB /* ft_isascii.c */; };
		7A35157C1E95B153003F6CBB /* ft_isdigit.c in Sources */ = {isa = PBXBuildFile; fileRef = 7A35153B1E95B153003F6CBB /* ft_isdigit.c */; };
		7A35157D1E95B153003F6CBB /* ft_isprint.c in Sources */ = {isa = PBXBuildFile; fileRef = 7A35153C1E95B153003F6CBB /* ft_isprint.c */; };
		7A35157E1E95B153003F6CBB /* ft_itoa.c in Sources */ = {isa = PBXBuildFile; fileRef = 7A35153D1E95B153003F6CBB /* ft_itoa.c */; };
		7A3515801E95B153003F6CBB /* ft_lstadd.c in Sources */ = {isa = PBXBuildFile; fileRef = 7A35153F1E95B153003F6CBB /* ft_lstadd.c */; };
		7A3515811E95B153003F6CBB /* ft_lstdel.c in Sources */ = {isa = PBXBuildFile; fileRef = 7A3515401E95B153003F6CBB /* ft_lstdel.c */; };
		7A3515821E95B153003F6CBB /* ft_lstdelone.c in Sources */ = {isa = PBXBuildFile; fileRef = 7A3515411E95B153003F6CBB /* ft_lstdelone.c */; };
		7A3515831E95B153003F6CBB /* ft_lstiter.c in Sources */ = {isa = PBXBuildFile; fileRef = 7A3515421E95B153003F6CBB /* ft_lstiter.c */; };
		7A3515841E95B153003F6CBB /* ft_lstmap.c in Sources */ = {isa = PBXBuildFile; fileRef = 7A3515431E95B153003F6CBB /* ft_lstmap.c */; };
		7A3515851E95B153003F6CBB /* ft_lstnew.c in Sources */ = {isa = PBXBuildFile; fileRef = 7A3515441E95B153003F6CBB /* ft_lstnew.c */; };
		7A3515861E95B153003F6CBB /* ft_memalloc.c in Sources */ = {isa = PBXBuildFile; fileRef = 7A3515451E95B153003F6CBB /* ft_memalloc.c */; };
		7A3515871E95B153003F6CBB /* ft_memccpy.c in Sources */ = {isa = PBXBuildFile; fileRef = 7A3515461E95B153003F6CBB /* ft_memccpy.c */; };
		7A3515881E95B153003F6CBB /* ft_memchr.c in Sources */ = {isa = PBXBuildFile; fileRef = 7A3515471E95B153003F6CBB /* ft_memchr.c */; };
		7A3515891E95B153003F6CBB /* ft_memcmp.c in Sources */ = {isa = PBXBuildFile; fileRef = 7A3515481E95B153003F6CBB /* ft_memcmp.c */; };
		7A35158A1E95B153003F6CBB /* ft_memcpy.c in Sources */ = {isa = PBXBuildFile; fileRef = 7A3515491E95B153003F6CBB /* ft_memcpy.c */; };
		7A35158B1E95B153003F6CBB /* ft_memdel.c in Sources */ = {isa = PBXBuildFile; fileRef = 7A35154A1E95B153003F6CBB /* ft_memdel.c */; };
		7A35158C1E95B153003F6CBB /* ft_memmove.c in Sources */ = {isa = PBXBuildFile; fileRef = 7A35154B1E95B153003F6CBB /* ft_memmove.c */; };
		7A35158D1E95B153003F6CBB /* ft_memset.c in Sources */ = {isa = PBXBuildFile; fileRef = 7A35154C1E95B153003F6CBB /* ft_memset.c */; };
		7A35158E1E95B153003F6CBB /* ft_putchar.c in Sources */ = {isa = PBXBuildFile; fileRef = 7A35154D1E95B153003F6CBB /* ft_putchar.c */; };
		7A35158F1E95B153003F6CBB /* ft_putchar_fd.c in Sources */ = {isa = PBXBuildFile; fileRef = 7A35154E1E95B153003F6CBB /* ft_putchar_fd.c */; };
		7A3515901E95B153003F6CBB /* ft_putendl.c in Sources */ = {isa = PBXBuildFile; fileRef = 7A35154F1E95B153003F6CBB /* ft_putendl.c */; };
		7A3515911E95B153003F6CBB /* ft_putendl_fd.c in Sources */ = {isa = PBXBuildFile; fileRef = 7A3515501E95B153003F6CBB /* ft_putendl_fd.c */; };
		7A3515921E95B153003F6CBB /* ft_putnbr.c in Sources */ = {isa = PBXBuildFile; fileRef = 7A3515511E95B153003F6CBB /* ft_putnbr.c */; };
		7A3515931E95B153003F6CBB /* ft_putnbr_fd.c in Sources */ = {isa = PBXBuildFile; fileRef = 7A3515521E95B153003F6CBB /* ft_putnbr_fd.c */; };
		7A3515941E95B153003F6CBB /* ft_putstr.c in Sources */ = {isa = PBXBuildFile; fileRef = 7A3515531E95B153003F6CBB /* ft_putstr.c */; };
		7A3515951E95B153003F6CBB /* ft_putstr_fd.c in Sources */ = {isa = PBXBuildFile; fileRef = 7A3515541E95B153003F6CBB /* ft_putstr_fd.c */; };
		7A3515961E95B153003F6CBB /* ft_strcat.c in Sources */ = {isa = PBXBuildFile; fileRef = 7A3515551E95B153003F6CBB /* ft_strcat.c */; };
		7A3515971E95B153003F6CBB /* ft_strchr.c in Sources */ = {isa = PBXBuildFile; fileRef = 7A3515561E95B153003F6CBB /* ft_strchr.c */; };
		7A3515981E95B153003F6CBB /* ft_strclr.c in Sources */ = {isa = PBXBuildFile; fileRef = 7A3515571E95B153003F6CBB /* ft_strclr.c */; };
		7A3515991E95B153003F6CBB /* ft_strcmp.c in Sources */ = {isa = PBXBuildFile; fileRef = 7A3515581E95B153003F6CBB /* ft_strcmp.c */; };
		7A35159A1E95B153003F6CBB /* ft_strcpy.c in Sources */ = {isa = PBXBuildFile; fileRef = 7A3515591E95B153003F6CBB /* ft_strcpy.c */; };
		7A35159B1E95B153003F6CBB /* ft_strdel.c in Sources */ = {isa = PBXBuildFile; fileRef = 7A35155A1E95B153003F6CBB /* ft_strdel.c */; };
		7A35159C1E95B153003F6CBB /* ft_strdup.c in Sources */ = {isa = PBXBuildFile; fileRef = 7A35155B1E95B153003F6CBB /* ft_strdup.c */; };
		7A35159D1E95B153003F6CBB /* ft_strequ.c in Sources */ = {isa = PBXBuildFile; fileRef = 7A35155C1E95B153003F6CBB /* ft_strequ.c */; };
		7A35159E1E95B153003F6CBB /* ft_striter.c in Sources */ = {isa = PBXBuildFile; fileRef = 7A35155D1E95B153003F6CBB /* ft_striter.c */; };
		7A35159F1E95B153003F6CBB /* ft_striteri.c in Sources */ = {isa = PBXBuildFile; fileRef = 7A35155E1E95B153003F6CBB /* ft_striteri.c */; };
		7A3515A01E95B153003F6CBB /* ft_strjoin.c in Sources */ = {isa = PBXBuildFile; fileRef = 7A35155F1E95B153003F6CBB /* ft_strjoin.c */; };
		7A3515A11E95B153003F6CBB /* ft_strlcat.c in Sources */ = {isa = PBXBuildFile; fileRef = 7A3515601E95B153003F6CBB /* ft_strlcat.c */; };
		7A3515A21E95B153003F6CBB /* ft_strlen.c in Sources */ = {isa = PBXBuildFile; fileRef = 7A3515611E95B153003F6CBB /* ft_strlen.c */; };
		7A3515A31E95B153003F6CBB /* ft_strmap.c in Sources */ = {isa = PBXBuildFile; fileRef = 7A3515621E95B153003F6CBB /* ft_strmap.c */; };
		7A3515A41E95B153003F6CBB /* ft_strmapi.c in Sources */ = {isa = PBXBuildFile; fileRef = 7A3515631E95B153003F6CBB /* ft_strmapi.c */; };
		7A3515A51E95B153003F6CBB /* ft_strncat.c in Sources */ = {isa = PBXBuildFile; fileRef = 7A3515641E95B153003F6CBB /* ft_strncat.c */; };
		7A3515A61E95B153003F6CBB /* ft_strncmp.c in Sources */ = {isa = PBXBuildFile; fileRef = 7A3515651E95B153003F6CBB /* ft_strncmp.c */; };
		7A3515A71E95B153003F6CBB /* ft_strncpy.c in Sources */ = {isa = PBXBuildFile; fileRef = 7A3515661E95B153003F6CBB /* ft_strncpy.c */; };
		7A3515A81E95B153003F6CBB /* ft_strnequ.c in Sources */ = {isa = PBXBuildFile; fileRef = 7A3515671E95B153003F6CBB /* ft_strnequ.c */; };
		7A3515A91E95B153003F6CBB /* ft_strnew.c in Sources */ = {isa = PBXBuildFile; fileRef = 7A3515681E95B153003F6CBB /* ft_strnew.c */; };
		7A3515AA1E95B153003F6CBB /* ft_strnstr.c in Sources */ = {isa = PBXBuildFile; fileRef = 7A3515691E95B153003F6CBB /* ft_strnstr.c */; };
		7A3515AB1E95B153003F6CBB /* ft_strrchr.c in Sources */ = {isa = PBXBuildFile; fileRef = 7A35156A1E95B153003F6CBB /* ft_strrchr.c */; };
		7A3515AC1E95B153003F6CBB /* ft_strsplit.c in Sources */ = {isa = PBXBuildFile; fileRef = 7A35156B1E95B153003F6CBB /* ft_strsplit.c */; };
		7A3515AD1E95B153003F6CBB /* ft_strstr.c in Sources */ = {isa = PBXBuildFile; fileRef = 7A35156C1E95B153003F6CBB /* ft_strstr.c */; };
		7A3515AE1E95B153003F6CBB /* ft_strsub.c in Sources */ = {isa = PBXBuildFile; fileRef = 7A35156D1E95B153003F6CBB /* ft_strsub.c */; };
		7A3515AF1E95B153003F6CBB /* ft_strtrim.c in Sources */ = {isa = PBXBuildFile; fileRef = 7A35156E1E95B153003F6CBB /* ft_strtrim.c */; };
		7A3515B11E95B153003F6CBB /* ft_tolower.c in Sources */ = {isa = PBXBuildFile; fileRef = 7A3515701E95B153003F6CBB /* ft_tolower.c */; };
		7A3515B21E95B153003F6CBB /* ft_toupper.c in Sources */ = {isa = PBXBuildFile; fileRef = 7A3515711E95B153003F6CBB /* ft_toupper.c */; };
		7A3515B41E95B153003F6CBB /* Makefile in Sources */ = {isa = PBXBuildFile; fileRef = 7A3515741E95B153003F6CBB /* Makefile */; };
		7A35176E1EAEABCD003F6CBB /* ft_ctdigits.c in Sources */ = {isa = PBXBuildFile; fileRef = 7A35176B1EAEABCD003F6CBB /* ft_ctdigits.c */; };
		7A35176F1EAEABCD003F6CBB /* ft_itoc.c in Sources */ = {isa = PBXBuildFile; fileRef = 7A35176C1EAEABCD003F6CBB /* ft_itoc.c */; };
		7A3517701EAEABCD003F6CBB /* ft_swap.c in Sources */ = {isa = PBXBuildFile; fileRef = 7A35176D1EAEABCD003F6CBB /* ft_swap.c */; };
		7A4A3F731E67A45400D8788B /* solver.c in Sources */ = {isa = PBXBuildFile; fileRef = 7A4A3F2A1E67A45400D8788B /* solver.c */; };
		7A4A3F741E67A45400D8788B /* new_tet.c in Sources */ = {isa = PBXBuildFile; fileRef = 7A4A3F2C1E67A45400D8788B /* new_tet.c */; };
		7A4A3F751E67A45400D8788B /* read_in.c in Sources */ = {isa = PBXBuildFile; fileRef = 7A4A3F2D1E67A45400D8788B /* read_in.c */; };
		7A4A3F761E67A45400D8788B /* map.c in Sources */ = {isa = PBXBuildFile; fileRef = 7A4A3F2E1E67A45400D8788B /* map.c */; };
		7A4A3F771E67A45400D8788B /* set_tet.c in Sources */ = {isa = PBXBuildFile; fileRef = 7A4A3F2F1E67A45400D8788B /* set_tet.c */; };
		7A4A3F781E67A45400D8788B /* tet_types.c in Sources */ = {isa = PBXBuildFile; fileRef = 7A4A3F301E67A45400D8788B /* tet_types.c */; };
		7A4A3F791E67A45400D8788B /* check_tet.c in Sources */ = {isa = PBXBuildFile; fileRef = 7A4A3F311E67A45400D8788B /* check_tet.c */; };
		7A6764A11E68F3F200B4B60F /* main.c in Sources */ = {isa = PBXBuildFile; fileRef = 7A6764A01E68F3F200B4B60F /* main.c */; };
/* End PBXBuildFile section */

/* Begin PBXCopyFilesBuildPhase section */
		7AC6447E1E67A3A2005DD177 /* CopyFiles */ = {
			isa = PBXCopyFilesBuildPhase;
			buildActionMask = 2147483647;
			dstPath = /usr/share/man/man1/;
			dstSubfolderSpec = 0;
			files = (
			);
			runOnlyForDeploymentPostprocessing = 1;
		};
/* End PBXCopyFilesBuildPhase section */

/* Begin PBXFileReference section */
		7A0D70941EC13F09003F2950 /* ft_strsplit2.c */ = {isa = PBXFileReference; fileEncoding = 4; lastKnownFileType = sourcecode.c.c; path = ft_strsplit2.c; sourceTree = "<group>"; };
		7A29F35C1E70CD9B0098B803 /* small_test.txt */ = {isa = PBXFileReference; fileEncoding = 4; lastKnownFileType = text; path = small_test.txt; sourceTree = "<group>"; };
		7A3515341E95B153003F6CBB /* author */ = {isa = PBXFileReference; fileEncoding = 4; lastKnownFileType = text; path = author; sourceTree = "<group>"; };
		7A3515351E95B153003F6CBB /* ft_atoi.c */ = {isa = PBXFileReference; fileEncoding = 4; lastKnownFileType = sourcecode.c.c; path = ft_atoi.c; sourceTree = "<group>"; };
		7A3515361E95B153003F6CBB /* ft_bzero.c */ = {isa = PBXFileReference; fileEncoding = 4; lastKnownFileType = sourcecode.c.c; path = ft_bzero.c; sourceTree = "<group>"; };
		7A3515381E95B153003F6CBB /* ft_isalnum.c */ = {isa = PBXFileReference; fileEncoding = 4; lastKnownFileType = sourcecode.c.c; path = ft_isalnum.c; sourceTree = "<group>"; };
		7A3515391E95B153003F6CBB /* ft_isalpha.c */ = {isa = PBXFileReference; fileEncoding = 4; lastKnownFileType = sourcecode.c.c; path = ft_isalpha.c; sourceTree = "<group>"; };
		7A35153A1E95B153003F6CBB /* ft_isascii.c */ = {isa = PBXFileReference; fileEncoding = 4; lastKnownFileType = sourcecode.c.c; path = ft_isascii.c; sourceTree = "<group>"; };
		7A35153B1E95B153003F6CBB /* ft_isdigit.c */ = {isa = PBXFileReference; fileEncoding = 4; lastKnownFileType = sourcecode.c.c; path = ft_isdigit.c; sourceTree = "<group>"; };
		7A35153C1E95B153003F6CBB /* ft_isprint.c */ = {isa = PBXFileReference; fileEncoding = 4; lastKnownFileType = sourcecode.c.c; path = ft_isprint.c; sourceTree = "<group>"; };
		7A35153D1E95B153003F6CBB /* ft_itoa.c */ = {isa = PBXFileReference; fileEncoding = 4; lastKnownFileType = sourcecode.c.c; path = ft_itoa.c; sourceTree = "<group>"; };
		7A35153F1E95B153003F6CBB /* ft_lstadd.c */ = {isa = PBXFileReference; fileEncoding = 4; lastKnownFileType = sourcecode.c.c; path = ft_lstadd.c; sourceTree = "<group>"; };
		7A3515401E95B153003F6CBB /* ft_lstdel.c */ = {isa = PBXFileReference; fileEncoding = 4; lastKnownFileType = sourcecode.c.c; path = ft_lstdel.c; sourceTree = "<group>"; };
		7A3515411E95B153003F6CBB /* ft_lstdelone.c */ = {isa = PBXFileReference; fileEncoding = 4; lastKnownFileType = sourcecode.c.c; path = ft_lstdelone.c; sourceTree = "<group>"; };
		7A3515421E95B153003F6CBB /* ft_lstiter.c */ = {isa = PBXFileReference; fileEncoding = 4; lastKnownFileType = sourcecode.c.c; path = ft_lstiter.c; sourceTree = "<group>"; };
		7A3515431E95B153003F6CBB /* ft_lstmap.c */ = {isa = PBXFileReference; fileEncoding = 4; lastKnownFileType = sourcecode.c.c; path = ft_lstmap.c; sourceTree = "<group>"; };
		7A3515441E95B153003F6CBB /* ft_lstnew.c */ = {isa = PBXFileReference; fileEncoding = 4; lastKnownFileType = sourcecode.c.c; path = ft_lstnew.c; sourceTree = "<group>"; };
		7A3515451E95B153003F6CBB /* ft_memalloc.c */ = {isa = PBXFileReference; fileEncoding = 4; lastKnownFileType = sourcecode.c.c; path = ft_memalloc.c; sourceTree = "<group>"; };
		7A3515461E95B153003F6CBB /* ft_memccpy.c */ = {isa = PBXFileReference; fileEncoding = 4; lastKnownFileType = sourcecode.c.c; path = ft_memccpy.c; sourceTree = "<group>"; };
		7A3515471E95B153003F6CBB /* ft_memchr.c */ = {isa = PBXFileReference; fileEncoding = 4; lastKnownFileType = sourcecode.c.c; path = ft_memchr.c; sourceTree = "<group>"; };
		7A3515481E95B153003F6CBB /* ft_memcmp.c */ = {isa = PBXFileReference; fileEncoding = 4; lastKnownFileType = sourcecode.c.c; path = ft_memcmp.c; sourceTree = "<group>"; };
		7A3515491E95B153003F6CBB /* ft_memcpy.c */ = {isa = PBXFileReference; fileEncoding = 4; lastKnownFileType = sourcecode.c.c; path = ft_memcpy.c; sourceTree = "<group>"; };
		7A35154A1E95B153003F6CBB /* ft_memdel.c */ = {isa = PBXFileReference; fileEncoding = 4; lastKnownFileType = sourcecode.c.c; path = ft_memdel.c; sourceTree = "<group>"; };
		7A35154B1E95B153003F6CBB /* ft_memmove.c */ = {isa = PBXFileReference; fileEncoding = 4; lastKnownFileType = sourcecode.c.c; path = ft_memmove.c; sourceTree = "<group>"; };
		7A35154C1E95B153003F6CBB /* ft_memset.c */ = {isa = PBXFileReference; fileEncoding = 4; lastKnownFileType = sourcecode.c.c; path = ft_memset.c; sourceTree = "<group>"; };
		7A35154D1E95B153003F6CBB /* ft_putchar.c */ = {isa = PBXFileReference; fileEncoding = 4; lastKnownFileType = sourcecode.c.c; path = ft_putchar.c; sourceTree = "<group>"; };
		7A35154E1E95B153003F6CBB /* ft_putchar_fd.c */ = {isa = PBXFileReference; fileEncoding = 4; lastKnownFileType = sourcecode.c.c; path = ft_putchar_fd.c; sourceTree = "<group>"; };
		7A35154F1E95B153003F6CBB /* ft_putendl.c */ = {isa = PBXFileReference; fileEncoding = 4; lastKnownFileType = sourcecode.c.c; path = ft_putendl.c; sourceTree = "<group>"; };
		7A3515501E95B153003F6CBB /* ft_putendl_fd.c */ = {isa = PBXFileReference; fileEncoding = 4; lastKnownFileType = sourcecode.c.c; path = ft_putendl_fd.c; sourceTree = "<group>"; };
		7A3515511E95B153003F6CBB /* ft_putnbr.c */ = {isa = PBXFileReference; fileEncoding = 4; lastKnownFileType = sourcecode.c.c; path = ft_putnbr.c; sourceTree = "<group>"; };
		7A3515521E95B153003F6CBB /* ft_putnbr_fd.c */ = {isa = PBXFileReference; fileEncoding = 4; lastKnownFileType = sourcecode.c.c; path = ft_putnbr_fd.c; sourceTree = "<group>"; };
		7A3515531E95B153003F6CBB /* ft_putstr.c */ = {isa = PBXFileReference; fileEncoding = 4; lastKnownFileType = sourcecode.c.c; path = ft_putstr.c; sourceTree = "<group>"; };
		7A3515541E95B153003F6CBB /* ft_putstr_fd.c */ = {isa = PBXFileReference; fileEncoding = 4; lastKnownFileType = sourcecode.c.c; path = ft_putstr_fd.c; sourceTree = "<group>"; };
		7A3515551E95B153003F6CBB /* ft_strcat.c */ = {isa = PBXFileReference; fileEncoding = 4; lastKnownFileType = sourcecode.c.c; path = ft_strcat.c; sourceTree = "<group>"; };
		7A3515561E95B153003F6CBB /* ft_strchr.c */ = {isa = PBXFileReference; fileEncoding = 4; lastKnownFileType = sourcecode.c.c; path = ft_strchr.c; sourceTree = "<group>"; };
		7A3515571E95B153003F6CBB /* ft_strclr.c */ = {isa = PBXFileReference; fileEncoding = 4; lastKnownFileType = sourcecode.c.c; path = ft_strclr.c; sourceTree = "<group>"; };
		7A3515581E95B153003F6CBB /* ft_strcmp.c */ = {isa = PBXFileReference; fileEncoding = 4; lastKnownFileType = sourcecode.c.c; path = ft_strcmp.c; sourceTree = "<group>"; };
		7A3515591E95B153003F6CBB /* ft_strcpy.c */ = {isa = PBXFileReference; fileEncoding = 4; lastKnownFileType = sourcecode.c.c; path = ft_strcpy.c; sourceTree = "<group>"; };
		7A35155A1E95B153003F6CBB /* ft_strdel.c */ = {isa = PBXFileReference; fileEncoding = 4; lastKnownFileType = sourcecode.c.c; path = ft_strdel.c; sourceTree = "<group>"; };
		7A35155B1E95B153003F6CBB /* ft_strdup.c */ = {isa = PBXFileReference; fileEncoding = 4; lastKnownFileType = sourcecode.c.c; path = ft_strdup.c; sourceTree = "<group>"; };
		7A35155C1E95B153003F6CBB /* ft_strequ.c */ = {isa = PBXFileReference; fileEncoding = 4; lastKnownFileType = sourcecode.c.c; path = ft_strequ.c; sourceTree = "<group>"; };
		7A35155D1E95B153003F6CBB /* ft_striter.c */ = {isa = PBXFileReference; fileEncoding = 4; lastKnownFileType = sourcecode.c.c; path = ft_striter.c; sourceTree = "<group>"; };
		7A35155E1E95B153003F6CBB /* ft_striteri.c */ = {isa = PBXFileReference; fileEncoding = 4; lastKnownFileType = sourcecode.c.c; path = ft_striteri.c; sourceTree = "<group>"; };
		7A35155F1E95B153003F6CBB /* ft_strjoin.c */ = {isa = PBXFileReference; fileEncoding = 4; lastKnownFileType = sourcecode.c.c; path = ft_strjoin.c; sourceTree = "<group>"; };
		7A3515601E95B153003F6CBB /* ft_strlcat.c */ = {isa = PBXFileReference; fileEncoding = 4; lastKnownFileType = sourcecode.c.c; path = ft_strlcat.c; sourceTree = "<group>"; };
		7A3515611E95B153003F6CBB /* ft_strlen.c */ = {isa = PBXFileReference; fileEncoding = 4; lastKnownFileType = sourcecode.c.c; path = ft_strlen.c; sourceTree = "<group>"; };
		7A3515621E95B153003F6CBB /* ft_strmap.c */ = {isa = PBXFileReference; fileEncoding = 4; lastKnownFileType = sourcecode.c.c; path = ft_strmap.c; sourceTree = "<group>"; };
		7A3515631E95B153003F6CBB /* ft_strmapi.c */ = {isa = PBXFileReference; fileEncoding = 4; lastKnownFileType = sourcecode.c.c; path = ft_strmapi.c; sourceTree = "<group>"; };
		7A3515641E95B153003F6CBB /* ft_strncat.c */ = {isa = PBXFileReference; fileEncoding = 4; lastKnownFileType = sourcecode.c.c; path = ft_strncat.c; sourceTree = "<group>"; };
		7A3515651E95B153003F6CBB /* ft_strncmp.c */ = {isa = PBXFileReference; fileEncoding = 4; lastKnownFileType = sourcecode.c.c; path = ft_strncmp.c; sourceTree = "<group>"; };
		7A3515661E95B153003F6CBB /* ft_strncpy.c */ = {isa = PBXFileReference; fileEncoding = 4; lastKnownFileType = sourcecode.c.c; path = ft_strncpy.c; sourceTree = "<group>"; };
		7A3515671E95B153003F6CBB /* ft_strnequ.c */ = {isa = PBXFileReference; fileEncoding = 4; lastKnownFileType = sourcecode.c.c; path = ft_strnequ.c; sourceTree = "<group>"; };
		7A3515681E95B153003F6CBB /* ft_strnew.c */ = {isa = PBXFileReference; fileEncoding = 4; lastKnownFileType = sourcecode.c.c; path = ft_strnew.c; sourceTree = "<group>"; };
		7A3515691E95B153003F6CBB /* ft_strnstr.c */ = {isa = PBXFileReference; fileEncoding = 4; lastKnownFileType = sourcecode.c.c; path = ft_strnstr.c; sourceTree = "<group>"; };
		7A35156A1E95B153003F6CBB /* ft_strrchr.c */ = {isa = PBXFileReference; fileEncoding = 4; lastKnownFileType = sourcecode.c.c; path = ft_strrchr.c; sourceTree = "<group>"; };
		7A35156B1E95B153003F6CBB /* ft_strsplit.c */ = {isa = PBXFileReference; fileEncoding = 4; lastKnownFileType = sourcecode.c.c; path = ft_strsplit.c; sourceTree = "<group>"; };
		7A35156C1E95B153003F6CBB /* ft_strstr.c */ = {isa = PBXFileReference; fileEncoding = 4; lastKnownFileType = sourcecode.c.c; path = ft_strstr.c; sourceTree = "<group>"; };
		7A35156D1E95B153003F6CBB /* ft_strsub.c */ = {isa = PBXFileReference; fileEncoding = 4; lastKnownFileType = sourcecode.c.c; path = ft_strsub.c; sourceTree = "<group>"; };
		7A35156E1E95B153003F6CBB /* ft_strtrim.c */ = {isa = PBXFileReference; fileEncoding = 4; lastKnownFileType = sourcecode.c.c; path = ft_strtrim.c; sourceTree = "<group>"; };
		7A3515701E95B153003F6CBB /* ft_tolower.c */ = {isa = PBXFileReference; fileEncoding = 4; lastKnownFileType = sourcecode.c.c; path = ft_tolower.c; sourceTree = "<group>"; };
		7A3515711E95B153003F6CBB /* ft_toupper.c */ = {isa = PBXFileReference; fileEncoding = 4; lastKnownFileType = sourcecode.c.c; path = ft_toupper.c; sourceTree = "<group>"; };
		7A3515731E95B153003F6CBB /* libft.h */ = {isa = PBXFileReference; fileEncoding = 4; lastKnownFileType = sourcecode.c.h; path = libft.h; sourceTree = "<group>"; };
		7A3515741E95B153003F6CBB /* Makefile */ = {isa = PBXFileReference; fileEncoding = 4; lastKnownFileType = sourcecode.make; path = Makefile; sourceTree = "<group>"; };
		7A35176B1EAEABCD003F6CBB /* ft_ctdigits.c */ = {isa = PBXFileReference; fileEncoding = 4; lastKnownFileType = sourcecode.c.c; path = ft_ctdigits.c; sourceTree = "<group>"; };
		7A35176C1EAEABCD003F6CBB /* ft_itoc.c */ = {isa = PBXFileReference; fileEncoding = 4; lastKnownFileType = sourcecode.c.c; path = ft_itoc.c; sourceTree = "<group>"; };
		7A35176D1EAEABCD003F6CBB /* ft_swap.c */ = {isa = PBXFileReference; fileEncoding = 4; lastKnownFileType = sourcecode.c.c; path = ft_swap.c; sourceTree = "<group>"; };
		7A3517711EAEB80F003F6CBB /* empty_test.txt */ = {isa = PBXFileReference; fileEncoding = 4; lastKnownFileType = text; path = empty_test.txt; sourceTree = "<group>"; };
		7A3517741EAEBAEB003F6CBB /* output_valid_0 */ = {isa = PBXFileReference; fileEncoding = 4; lastKnownFileType = text; path = output_valid_0; sourceTree = "<group>"; };
		7A3517751EAEBAEB003F6CBB /* output_valid_1 */ = {isa = PBXFileReference; fileEncoding = 4; lastKnownFileType = text; path = output_valid_1; sourceTree = "<group>"; };
		7A3517761EAEBAEB003F6CBB /* output_valid_10 */ = {isa = PBXFileReference; fileEncoding = 4; lastKnownFileType = text; path = output_valid_10; sourceTree = "<group>"; };
		7A3517771EAEBAEB003F6CBB /* output_valid_11 */ = {isa = PBXFileReference; fileEncoding = 4; lastKnownFileType = text; path = output_valid_11; sourceTree = "<group>"; };
		7A3517781EAEBAEB003F6CBB /* output_valid_12 */ = {isa = PBXFileReference; fileEncoding = 4; lastKnownFileType = text; path = output_valid_12; sourceTree = "<group>"; };
		7A3517791EAEBAEB003F6CBB /* output_valid_13 */ = {isa = PBXFileReference; fileEncoding = 4; lastKnownFileType = text; path = output_valid_13; sourceTree = "<group>"; };
		7A35177A1EAEBAEB003F6CBB /* output_valid_14 */ = {isa = PBXFileReference; fileEncoding = 4; lastKnownFileType = text; path = output_valid_14; sourceTree = "<group>"; };
		7A35177B1EAEBAEB003F6CBB /* output_valid_15 */ = {isa = PBXFileReference; fileEncoding = 4; lastKnownFileType = text; path = output_valid_15; sourceTree = "<group>"; };
		7A35177C1EAEBAEB003F6CBB /* output_valid_16 */ = {isa = PBXFileReference; fileEncoding = 4; lastKnownFileType = text; path = output_valid_16; sourceTree = "<group>"; };
		7A35177D1EAEBAEB003F6CBB /* output_valid_17 */ = {isa = PBXFileReference; fileEncoding = 4; lastKnownFileType = text; path = output_valid_17; sourceTree = "<group>"; };
		7A35177E1EAEBAEB003F6CBB /* output_valid_18 */ = {isa = PBXFileReference; fileEncoding = 4; lastKnownFileType = text; path = output_valid_18; sourceTree = "<group>"; };
		7A35177F1EAEBAEB003F6CBB /* output_valid_19 */ = {isa = PBXFileReference; fileEncoding = 4; lastKnownFileType = text; path = output_valid_19; sourceTree = "<group>"; };
		7A3517801EAEBAEB003F6CBB /* output_valid_2 */ = {isa = PBXFileReference; fileEncoding = 4; lastKnownFileType = text; path = output_valid_2; sourceTree = "<group>"; };
		7A3517811EAEBAEB003F6CBB /* output_valid_20 */ = {isa = PBXFileReference; fileEncoding = 4; lastKnownFileType = text; path = output_valid_20; sourceTree = "<group>"; };
		7A3517821EAEBAEB003F6CBB /* output_valid_21 */ = {isa = PBXFileReference; fileEncoding = 4; lastKnownFileType = text; path = output_valid_21; sourceTree = "<group>"; };
		7A3517831EAEBAEB003F6CBB /* output_valid_3 */ = {isa = PBXFileReference; fileEncoding = 4; lastKnownFileType = text; path = output_valid_3; sourceTree = "<group>"; };
		7A3517841EAEBAEB003F6CBB /* output_valid_4 */ = {isa = PBXFileReference; fileEncoding = 4; lastKnownFileType = text; path = output_valid_4; sourceTree = "<group>"; };
		7A3517851EAEBAEB003F6CBB /* output_valid_5 */ = {isa = PBXFileReference; fileEncoding = 4; lastKnownFileType = text; path = output_valid_5; sourceTree = "<group>"; };
		7A3517861EAEBAEB003F6CBB /* output_valid_6 */ = {isa = PBXFileReference; fileEncoding = 4; lastKnownFileType = text; path = output_valid_6; sourceTree = "<group>"; };
		7A3517871EAEBAEB003F6CBB /* output_valid_7 */ = {isa = PBXFileReference; fileEncoding = 4; lastKnownFileType = text; path = output_valid_7; sourceTree = "<group>"; };
		7A3517881EAEBAEB003F6CBB /* output_valid_8 */ = {isa = PBXFileReference; fileEncoding = 4; lastKnownFileType = text; path = output_valid_8; sourceTree = "<group>"; };
		7A3517891EAEBAEB003F6CBB /* output_valid_9 */ = {isa = PBXFileReference; fileEncoding = 4; lastKnownFileType = text; path = output_valid_9; sourceTree = "<group>"; };
		7A35178B1EAEBAEB003F6CBB /* valid_0 */ = {isa = PBXFileReference; fileEncoding = 4; lastKnownFileType = text; path = valid_0; sourceTree = "<group>"; };
		7A35178C1EAEBAEB003F6CBB /* valid_1 */ = {isa = PBXFileReference; fileEncoding = 4; lastKnownFileType = text; path = valid_1; sourceTree = "<group>"; };
		7A35178D1EAEBAEB003F6CBB /* valid_10 */ = {isa = PBXFileReference; fileEncoding = 4; lastKnownFileType = text; path = valid_10; sourceTree = "<group>"; };
		7A35178E1EAEBAEB003F6CBB /* valid_11 */ = {isa = PBXFileReference; fileEncoding = 4; lastKnownFileType = text; path = valid_11; sourceTree = "<group>"; };
		7A35178F1EAEBAEB003F6CBB /* valid_12 */ = {isa = PBXFileReference; fileEncoding = 4; lastKnownFileType = text; path = valid_12; sourceTree = "<group>"; };
		7A3517901EAEBAEB003F6CBB /* valid_13 */ = {isa = PBXFileReference; fileEncoding = 4; lastKnownFileType = text; path = valid_13; sourceTree = "<group>"; };
		7A3517911EAEBAEB003F6CBB /* valid_14 */ = {isa = PBXFileReference; fileEncoding = 4; lastKnownFileType = text; path = valid_14; sourceTree = "<group>"; };
		7A3517921EAEBAEB003F6CBB /* valid_15 */ = {isa = PBXFileReference; fileEncoding = 4; lastKnownFileType = text; path = valid_15; sourceTree = "<group>"; };
		7A3517931EAEBAEB003F6CBB /* valid_16 */ = {isa = PBXFileReference; fileEncoding = 4; lastKnownFileType = text; path = valid_16; sourceTree = "<group>"; };
		7A3517941EAEBAEB003F6CBB /* valid_17 */ = {isa = PBXFileReference; fileEncoding = 4; lastKnownFileType = text; path = valid_17; sourceTree = "<group>"; };
		7A3517951EAEBAEB003F6CBB /* valid_18 */ = {isa = PBXFileReference; fileEncoding = 4; lastKnownFileType = text; path = valid_18; sourceTree = "<group>"; };
		7A3517961EAEBAEB003F6CBB /* valid_19 */ = {isa = PBXFileReference; fileEncoding = 4; lastKnownFileType = text; path = valid_19; sourceTree = "<group>"; };
		7A3517971EAEBAEB003F6CBB /* valid_2 */ = {isa = PBXFileReference; fileEncoding = 4; lastKnownFileType = text; path = valid_2; sourceTree = "<group>"; };
		7A3517981EAEBAEB003F6CBB /* valid_20 */ = {isa = PBXFileReference; fileEncoding = 4; lastKnownFileType = text; path = valid_20; sourceTree = "<group>"; };
		7A3517991EAEBAEB003F6CBB /* valid_21 */ = {isa = PBXFileReference; fileEncoding = 4; lastKnownFileType = text; path = valid_21; sourceTree = "<group>"; };
		7A35179A1EAEBAEB003F6CBB /* valid_3 */ = {isa = PBXFileReference; fileEncoding = 4; lastKnownFileType = text; path = valid_3; sourceTree = "<group>"; };
		7A35179B1EAEBAEB003F6CBB /* valid_4 */ = {isa = PBXFileReference; fileEncoding = 4; lastKnownFileType = text; path = valid_4; sourceTree = "<group>"; };
		7A35179C1EAEBAEB003F6CBB /* valid_5 */ = {isa = PBXFileReference; fileEncoding = 4; lastKnownFileType = text; path = valid_5; sourceTree = "<group>"; };
		7A35179D1EAEBAEB003F6CBB /* valid_6 */ = {isa = PBXFileReference; fileEncoding = 4; lastKnownFileType = text; path = valid_6; sourceTree = "<group>"; };
		7A35179E1EAEBAEB003F6CBB /* valid_7 */ = {isa = PBXFileReference; fileEncoding = 4; lastKnownFileType = text; path = valid_7; sourceTree = "<group>"; };
		7A35179F1EAEBAEB003F6CBB /* valid_8 */ = {isa = PBXFileReference; fileEncoding = 4; lastKnownFileType = text; path = valid_8; sourceTree = "<group>"; };
		7A3517A01EAEBAEB003F6CBB /* valid_9 */ = {isa = PBXFileReference; fileEncoding = 4; lastKnownFileType = text; path = valid_9; sourceTree = "<group>"; };
		7A3517A21EAEBAEB003F6CBB /* error_0 */ = {isa = PBXFileReference; fileEncoding = 4; lastKnownFileType = text; path = error_0; sourceTree = "<group>"; };
		7A3517A31EAEBAEB003F6CBB /* error_1 */ = {isa = PBXFileReference; fileEncoding = 4; lastKnownFileType = text; path = error_1; sourceTree = "<group>"; };
		7A3517A41EAEBAEB003F6CBB /* error_10 */ = {isa = PBXFileReference; fileEncoding = 4; lastKnownFileType = text; path = error_10; sourceTree = "<group>"; };
		7A3517A51EAEBAEB003F6CBB /* error_11 */ = {isa = PBXFileReference; fileEncoding = 4; lastKnownFileType = text; path = error_11; sourceTree = "<group>"; };
		7A3517A61EAEBAEB003F6CBB /* error_12 */ = {isa = PBXFileReference; fileEncoding = 4; lastKnownFileType = text; path = error_12; sourceTree = "<group>"; };
		7A3517A71EAEBAEB003F6CBB /* error_13 */ = {isa = PBXFileReference; fileEncoding = 4; lastKnownFileType = text; path = error_13; sourceTree = "<group>"; };
		7A3517A81EAEBAEB003F6CBB /* error_14 */ = {isa = PBXFileReference; fileEncoding = 4; lastKnownFileType = text; path = error_14; sourceTree = "<group>"; };
		7A3517A91EAEBAEB003F6CBB /* error_15 */ = {isa = PBXFileReference; fileEncoding = 4; lastKnownFileType = text; path = error_15; sourceTree = "<group>"; };
		7A3517AA1EAEBAEB003F6CBB /* error_16 */ = {isa = PBXFileReference; fileEncoding = 4; lastKnownFileType = text; path = error_16; sourceTree = "<group>"; };
		7A3517AB1EAEBAEB003F6CBB /* error_17 */ = {isa = PBXFileReference; fileEncoding = 4; lastKnownFileType = text; path = error_17; sourceTree = "<group>"; };
		7A3517AC1EAEBAEB003F6CBB /* error_18 */ = {isa = PBXFileReference; fileEncoding = 4; lastKnownFileType = text; path = error_18; sourceTree = "<group>"; };
		7A3517AD1EAEBAEB003F6CBB /* error_19 */ = {isa = PBXFileReference; fileEncoding = 4; lastKnownFileType = text; path = error_19; sourceTree = "<group>"; };
		7A3517AE1EAEBAEB003F6CBB /* error_2 */ = {isa = PBXFileReference; fileEncoding = 4; lastKnownFileType = text; path = error_2; sourceTree = "<group>"; };
		7A3517AF1EAEBAEB003F6CBB /* error_20 */ = {isa = PBXFileReference; fileEncoding = 4; lastKnownFileType = text; path = error_20; sourceTree = "<group>"; };
		7A3517B01EAEBAEB003F6CBB /* error_21 */ = {isa = PBXFileReference; fileEncoding = 4; lastKnownFileType = text; path = error_21; sourceTree = "<group>"; };
		7A3517B11EAEBAEB003F6CBB /* error_22 */ = {isa = PBXFileReference; fileEncoding = 4; lastKnownFileType = text; path = error_22; sourceTree = "<group>"; };
		7A3517B21EAEBAEB003F6CBB /* error_23 */ = {isa = PBXFileReference; fileEncoding = 4; lastKnownFileType = text; path = error_23; sourceTree = "<group>"; };
		7A3517B31EAEBAEB003F6CBB /* error_24 */ = {isa = PBXFileReference; fileEncoding = 4; lastKnownFileType = text; path = error_24; sourceTree = "<group>"; };
		7A3517B41EAEBAEB003F6CBB /* error_25 */ = {isa = PBXFileReference; fileEncoding = 4; lastKnownFileType = text; path = error_25; sourceTree = "<group>"; };
		7A3517B51EAEBAEB003F6CBB /* error_3 */ = {isa = PBXFileReference; fileEncoding = 4; lastKnownFileType = text; path = error_3; sourceTree = "<group>"; };
		7A3517B61EAEBAEB003F6CBB /* error_4 */ = {isa = PBXFileReference; fileEncoding = 4; lastKnownFileType = text; path = error_4; sourceTree = "<group>"; };
		7A3517B71EAEBAEB003F6CBB /* error_5 */ = {isa = PBXFileReference; fileEncoding = 4; lastKnownFileType = text; path = error_5; sourceTree = "<group>"; };
		7A3517B81EAEBAEB003F6CBB /* error_6 */ = {isa = PBXFileReference; fileEncoding = 4; lastKnownFileType = text; path = error_6; sourceTree = "<group>"; };
		7A3517B91EAEBAEB003F6CBB /* error_7 */ = {isa = PBXFileReference; fileEncoding = 4; lastKnownFileType = text; path = error_7; sourceTree = "<group>"; };
		7A3517BA1EAEBAEB003F6CBB /* error_8 */ = {isa = PBXFileReference; fileEncoding = 4; lastKnownFileType = text; path = error_8; sourceTree = "<group>"; };
		7A3517BB1EAEBAEB003F6CBB /* error_9 */ = {isa = PBXFileReference; fileEncoding = 4; lastKnownFileType = text; path = error_9; sourceTree = "<group>"; };
		7A3517BC1EAEBAEB003F6CBB /* readme.txt */ = {isa = PBXFileReference; fileEncoding = 4; lastKnownFileType = text; path = readme.txt; sourceTree = "<group>"; };
		7A3517BD1EAEBAEB003F6CBB /* test.sh */ = {isa = PBXFileReference; fileEncoding = 4; lastKnownFileType = text.script.sh; path = test.sh; sourceTree = "<group>"; };
		7A4A3F291E67A45400D8788B /* Makefile */ = {isa = PBXFileReference; explicitFileType = sourcecode.make; fileEncoding = 4; path = Makefile; sourceTree = "<group>"; };
		7A4A3F2A1E67A45400D8788B /* solver.c */ = {isa = PBXFileReference; fileEncoding = 4; lastKnownFileType = sourcecode.c.c; path = solver.c; sourceTree = "<group>"; };
		7A4A3F2B1E67A45400D8788B /* fillit.h */ = {isa = PBXFileReference; fileEncoding = 4; lastKnownFileType = sourcecode.c.h; path = fillit.h; sourceTree = "<group>"; };
		7A4A3F2C1E67A45400D8788B /* new_tet.c */ = {isa = PBXFileReference; fileEncoding = 4; lastKnownFileType = sourcecode.c.c; path = new_tet.c; sourceTree = "<group>"; };
		7A4A3F2D1E67A45400D8788B /* read_in.c */ = {isa = PBXFileReference; fileEncoding = 4; lastKnownFileType = sourcecode.c.c; path = read_in.c; sourceTree = "<group>"; };
		7A4A3F2E1E67A45400D8788B /* map.c */ = {isa = PBXFileReference; fileEncoding = 4; lastKnownFileType = sourcecode.c.c; path = map.c; sourceTree = "<group>"; };
		7A4A3F2F1E67A45400D8788B /* set_tet.c */ = {isa = PBXFileReference; fileEncoding = 4; lastKnownFileType = sourcecode.c.c; path = set_tet.c; sourceTree = "<group>"; };
		7A4A3F301E67A45400D8788B /* tet_types.c */ = {isa = PBXFileReference; fileEncoding = 4; lastKnownFileType = sourcecode.c.c; path = tet_types.c; sourceTree = "<group>"; };
		7A4A3F311E67A45400D8788B /* check_tet.c */ = {isa = PBXFileReference; fileEncoding = 4; lastKnownFileType = sourcecode.c.c; path = check_tet.c; sourceTree = "<group>"; };
		7A4A3F321E67A45400D8788B /* test.txt */ = {isa = PBXFileReference; fileEncoding = 4; lastKnownFileType = text; path = test.txt; sourceTree = "<group>"; };
		7A6764A01E68F3F200B4B60F /* main.c */ = {isa = PBXFileReference; fileEncoding = 4; lastKnownFileType = sourcecode.c.c; path = main.c; sourceTree = "<group>"; };
		7A9D68741E70B8E900A25869 /* dots_test.txt */ = {isa = PBXFileReference; fileEncoding = 4; lastKnownFileType = text; path = dots_test.txt; sourceTree = "<group>"; };
		7AC644801E67A3A2005DD177 /* fillit */ = {isa = PBXFileReference; explicitFileType = "compiled.mach-o.executable"; includeInIndex = 0; path = fillit; sourceTree = BUILT_PRODUCTS_DIR; };
/* End PBXFileReference section */

/* Begin PBXFrameworksBuildPhase section */
		7AC6447D1E67A3A2005DD177 /* Frameworks */ = {
			isa = PBXFrameworksBuildPhase;
			buildActionMask = 2147483647;
			files = (
			);
			runOnlyForDeploymentPostprocessing = 0;
		};
/* End PBXFrameworksBuildPhase section */

/* Begin PBXGroup section */
		7A3515321E95B153003F6CBB /* libft */ = {
			isa = PBXGroup;
			children = (
				7A35176B1EAEABCD003F6CBB /* ft_ctdigits.c */,
				7A35176C1EAEABCD003F6CBB /* ft_itoc.c */,
				7A35176D1EAEABCD003F6CBB /* ft_swap.c */,
				7A3515341E95B153003F6CBB /* author */,
				7A3515351E95B153003F6CBB /* ft_atoi.c */,
				7A3515361E95B153003F6CBB /* ft_bzero.c */,
				7A3515381E95B153003F6CBB /* ft_isalnum.c */,
				7A3515391E95B153003F6CBB /* ft_isalpha.c */,
				7A35153A1E95B153003F6CBB /* ft_isascii.c */,
				7A35153B1E95B153003F6CBB /* ft_isdigit.c */,
				7A35153C1E95B153003F6CBB /* ft_isprint.c */,
				7A35153D1E95B153003F6CBB /* ft_itoa.c */,
				7A35153F1E95B153003F6CBB /* ft_lstadd.c */,
				7A3515401E95B153003F6CBB /* ft_lstdel.c */,
				7A3515411E95B153003F6CBB /* ft_lstdelone.c */,
				7A3515421E95B153003F6CBB /* ft_lstiter.c */,
				7A3515431E95B153003F6CBB /* ft_lstmap.c */,
				7A3515441E95B153003F6CBB /* ft_lstnew.c */,
				7A3515451E95B153003F6CBB /* ft_memalloc.c */,
				7A3515461E95B153003F6CBB /* ft_memccpy.c */,
				7A3515471E95B153003F6CBB /* ft_memchr.c */,
				7A3515481E95B153003F6CBB /* ft_memcmp.c */,
				7A3515491E95B153003F6CBB /* ft_memcpy.c */,
				7A35154A1E95B153003F6CBB /* ft_memdel.c */,
				7A35154B1E95B153003F6CBB /* ft_memmove.c */,
				7A35154C1E95B153003F6CBB /* ft_memset.c */,
				7A35154D1E95B153003F6CBB /* ft_putchar.c */,
				7A35154E1E95B153003F6CBB /* ft_putchar_fd.c */,
				7A35154F1E95B153003F6CBB /* ft_putendl.c */,
				7A3515501E95B153003F6CBB /* ft_putendl_fd.c */,
				7A3515511E95B153003F6CBB /* ft_putnbr.c */,
				7A3515521E95B153003F6CBB /* ft_putnbr_fd.c */,
				7A3515531E95B153003F6CBB /* ft_putstr.c */,
				7A3515541E95B153003F6CBB /* ft_putstr_fd.c */,
				7A3515551E95B153003F6CBB /* ft_strcat.c */,
				7A3515561E95B153003F6CBB /* ft_strchr.c */,
				7A3515571E95B153003F6CBB /* ft_strclr.c */,
				7A3515581E95B153003F6CBB /* ft_strcmp.c */,
				7A3515591E95B153003F6CBB /* ft_strcpy.c */,
				7A35155A1E95B153003F6CBB /* ft_strdel.c */,
				7A35155B1E95B153003F6CBB /* ft_strdup.c */,
				7A35155C1E95B153003F6CBB /* ft_strequ.c */,
				7A35155D1E95B153003F6CBB /* ft_striter.c */,
				7A35155E1E95B153003F6CBB /* ft_striteri.c */,
				7A35155F1E95B153003F6CBB /* ft_strjoin.c */,
				7A3515601E95B153003F6CBB /* ft_strlcat.c */,
				7A3515611E95B153003F6CBB /* ft_strlen.c */,
				7A3515621E95B153003F6CBB /* ft_strmap.c */,
				7A3515631E95B153003F6CBB /* ft_strmapi.c */,
				7A3515641E95B153003F6CBB /* ft_strncat.c */,
				7A3515651E95B153003F6CBB /* ft_strncmp.c */,
				7A3515661E95B153003F6CBB /* ft_strncpy.c */,
				7A3515671E95B153003F6CBB /* ft_strnequ.c */,
				7A3515681E95B153003F6CBB /* ft_strnew.c */,
				7A3515691E95B153003F6CBB /* ft_strnstr.c */,
				7A35156A1E95B153003F6CBB /* ft_strrchr.c */,
				7A35156B1E95B153003F6CBB /* ft_strsplit.c */,
				7A35156C1E95B153003F6CBB /* ft_strstr.c */,
				7A35156D1E95B153003F6CBB /* ft_strsub.c */,
				7A35156E1E95B153003F6CBB /* ft_strtrim.c */,
				7A3515701E95B153003F6CBB /* ft_tolower.c */,
				7A3515711E95B153003F6CBB /* ft_toupper.c */,
				7A3515731E95B153003F6CBB /* libft.h */,
				7A3515741E95B153003F6CBB /* Makefile */,
			);
			name = libft;
			path = ../libft;
			sourceTree = "<group>";
		};
		7A3517721EAEBAEB003F6CBB /* fillit_checker */ = {
			isa = PBXGroup;
			children = (
				7A3517731EAEBAEB003F6CBB /* correct_compare */,
				7A35178A1EAEBAEB003F6CBB /* correct_file */,
				7A3517A11EAEBAEB003F6CBB /* error_file */,
				7A3517BC1EAEBAEB003F6CBB /* readme.txt */,
				7A3517BD1EAEBAEB003F6CBB /* test.sh */,
			);
			path = fillit_checker;
			sourceTree = "<group>";
		};
		7A3517731EAEBAEB003F6CBB /* correct_compare */ = {
			isa = PBXGroup;
			children = (
				7A3517741EAEBAEB003F6CBB /* output_valid_0 */,
				7A3517751EAEBAEB003F6CBB /* output_valid_1 */,
				7A3517761EAEBAEB003F6CBB /* output_valid_10 */,
				7A3517771EAEBAEB003F6CBB /* output_valid_11 */,
				7A3517781EAEBAEB003F6CBB /* output_valid_12 */,
				7A3517791EAEBAEB003F6CBB /* output_valid_13 */,
				7A35177A1EAEBAEB003F6CBB /* output_valid_14 */,
				7A35177B1EAEBAEB003F6CBB /* output_valid_15 */,
				7A35177C1EAEBAEB003F6CBB /* output_valid_16 */,
				7A35177D1EAEBAEB003F6CBB /* output_valid_17 */,
				7A35177E1EAEBAEB003F6CBB /* output_valid_18 */,
				7A35177F1EAEBAEB003F6CBB /* output_valid_19 */,
				7A3517801EAEBAEB003F6CBB /* output_valid_2 */,
				7A3517811EAEBAEB003F6CBB /* output_valid_20 */,
				7A3517821EAEBAEB003F6CBB /* output_valid_21 */,
				7A3517831EAEBAEB003F6CBB /* output_valid_3 */,
				7A3517841EAEBAEB003F6CBB /* output_valid_4 */,
				7A3517851EAEBAEB003F6CBB /* output_valid_5 */,
				7A3517861EAEBAEB003F6CBB /* output_valid_6 */,
				7A3517871EAEBAEB003F6CBB /* output_valid_7 */,
				7A3517881EAEBAEB003F6CBB /* output_valid_8 */,
				7A3517891EAEBAEB003F6CBB /* output_valid_9 */,
			);
			path = correct_compare;
			sourceTree = "<group>";
		};
		7A35178A1EAEBAEB003F6CBB /* correct_file */ = {
			isa = PBXGroup;
			children = (
				7A35178B1EAEBAEB003F6CBB /* valid_0 */,
				7A35178C1EAEBAEB003F6CBB /* valid_1 */,
				7A35178D1EAEBAEB003F6CBB /* valid_10 */,
				7A35178E1EAEBAEB003F6CBB /* valid_11 */,
				7A35178F1EAEBAEB003F6CBB /* valid_12 */,
				7A3517901EAEBAEB003F6CBB /* valid_13 */,
				7A3517911EAEBAEB003F6CBB /* valid_14 */,
				7A3517921EAEBAEB003F6CBB /* valid_15 */,
				7A3517931EAEBAEB003F6CBB /* valid_16 */,
				7A3517941EAEBAEB003F6CBB /* valid_17 */,
				7A3517951EAEBAEB003F6CBB /* valid_18 */,
				7A3517961EAEBAEB003F6CBB /* valid_19 */,
				7A3517971EAEBAEB003F6CBB /* valid_2 */,
				7A3517981EAEBAEB003F6CBB /* valid_20 */,
				7A3517991EAEBAEB003F6CBB /* valid_21 */,
				7A35179A1EAEBAEB003F6CBB /* valid_3 */,
				7A35179B1EAEBAEB003F6CBB /* valid_4 */,
				7A35179C1EAEBAEB003F6CBB /* valid_5 */,
				7A35179D1EAEBAEB003F6CBB /* valid_6 */,
				7A35179E1EAEBAEB003F6CBB /* valid_7 */,
				7A35179F1EAEBAEB003F6CBB /* valid_8 */,
				7A3517A01EAEBAEB003F6CBB /* valid_9 */,
			);
			path = correct_file;
			sourceTree = "<group>";
		};
		7A3517A11EAEBAEB003F6CBB /* error_file */ = {
			isa = PBXGroup;
			children = (
				7A3517A21EAEBAEB003F6CBB /* error_0 */,
				7A3517A31EAEBAEB003F6CBB /* error_1 */,
				7A3517A41EAEBAEB003F6CBB /* error_10 */,
				7A3517A51EAEBAEB003F6CBB /* error_11 */,
				7A3517A61EAEBAEB003F6CBB /* error_12 */,
				7A3517A71EAEBAEB003F6CBB /* error_13 */,
				7A3517A81EAEBAEB003F6CBB /* error_14 */,
				7A3517A91EAEBAEB003F6CBB /* error_15 */,
				7A3517AA1EAEBAEB003F6CBB /* error_16 */,
				7A3517AB1EAEBAEB003F6CBB /* error_17 */,
				7A3517AC1EAEBAEB003F6CBB /* error_18 */,
				7A3517AD1EAEBAEB003F6CBB /* error_19 */,
				7A3517AE1EAEBAEB003F6CBB /* error_2 */,
				7A3517AF1EAEBAEB003F6CBB /* error_20 */,
				7A3517B01EAEBAEB003F6CBB /* error_21 */,
				7A3517B11EAEBAEB003F6CBB /* error_22 */,
				7A3517B21EAEBAEB003F6CBB /* error_23 */,
				7A3517B31EAEBAEB003F6CBB /* error_24 */,
				7A3517B41EAEBAEB003F6CBB /* error_25 */,
				7A3517B51EAEBAEB003F6CBB /* error_3 */,
				7A3517B61EAEBAEB003F6CBB /* error_4 */,
				7A3517B71EAEBAEB003F6CBB /* error_5 */,
				7A3517B81EAEBAEB003F6CBB /* error_6 */,
				7A3517B91EAEBAEB003F6CBB /* error_7 */,
				7A3517BA1EAEBAEB003F6CBB /* error_8 */,
				7A3517BB1EAEBAEB003F6CBB /* error_9 */,
			);
			path = error_file;
			sourceTree = "<group>";
		};
		7AC644771E67A3A2005DD177 = {
			isa = PBXGroup;
			children = (
				7A3515321E95B153003F6CBB /* libft */,
				7A4A3F291E67A45400D8788B /* Makefile */,
				7A0D70941EC13F09003F2950 /* ft_strsplit2.c */,
				7A4A3F2B1E67A45400D8788B /* fillit.h */,
				7A6764A01E68F3F200B4B60F /* main.c */,
				7A4A3F2A1E67A45400D8788B /* solver.c */,
				7A4A3F2C1E67A45400D8788B /* new_tet.c */,
				7A4A3F2D1E67A45400D8788B /* read_in.c */,
				7A4A3F2E1E67A45400D8788B /* map.c */,
				7A4A3F2F1E67A45400D8788B /* set_tet.c */,
				7A4A3F301E67A45400D8788B /* tet_types.c */,
				7A4A3F311E67A45400D8788B /* check_tet.c */,
				7A3517721EAEBAEB003F6CBB /* fillit_checker */,
				7A4A3F321E67A45400D8788B /* test.txt */,
				7A29F35C1E70CD9B0098B803 /* small_test.txt */,
				7A3517711EAEB80F003F6CBB /* empty_test.txt */,
				7A9D68741E70B8E900A25869 /* dots_test.txt */,
				7AC644811E67A3A2005DD177 /* Products */,
			);
			sourceTree = "<group>";
		};
		7AC644811E67A3A2005DD177 /* Products */ = {
			isa = PBXGroup;
			children = (
				7AC644801E67A3A2005DD177 /* fillit */,
			);
			name = Products;
			sourceTree = "<group>";
		};
/* End PBXGroup section */

/* Begin PBXNativeTarget section */
		7AC6447F1E67A3A2005DD177 /* fillit */ = {
			isa = PBXNativeTarget;
			buildConfigurationList = 7AC644871E67A3A2005DD177 /* Build configuration list for PBXNativeTarget "fillit" */;
			buildPhases = (
				7AC6447C1E67A3A2005DD177 /* Sources */,
				7AC6447D1E67A3A2005DD177 /* Frameworks */,
				7AC6447E1E67A3A2005DD177 /* CopyFiles */,
			);
			buildRules = (
			);
			dependencies = (
			);
			name = fillit;
			productName = fillit;
			productReference = 7AC644801E67A3A2005DD177 /* fillit */;
			productType = "com.apple.product-type.tool";
		};
/* End PBXNativeTarget section */

/* Begin PBXProject section */
		7AC644781E67A3A2005DD177 /* Project object */ = {
			isa = PBXProject;
			attributes = {
				LastUpgradeCheck = 0800;
				ORGANIZATIONNAME = "Ming Horn";
				TargetAttributes = {
					7AC6447F1E67A3A2005DD177 = {
						CreatedOnToolsVersion = 7.3.1;
					};
				};
			};
			buildConfigurationList = 7AC6447B1E67A3A2005DD177 /* Build configuration list for PBXProject "fillit" */;
			compatibilityVersion = "Xcode 3.2";
			developmentRegion = English;
			hasScannedForEncodings = 0;
			knownRegions = (
				en,
			);
			mainGroup = 7AC644771E67A3A2005DD177;
			productRefGroup = 7AC644811E67A3A2005DD177 /* Products */;
			projectDirPath = "";
			projectRoot = "";
			targets = (
				7AC6447F1E67A3A2005DD177 /* fillit */,
			);
		};
/* End PBXProject section */

/* Begin PBXSourcesBuildPhase section */
		7AC6447C1E67A3A2005DD177 /* Sources */ = {
			isa = PBXSourcesBuildPhase;
			buildActionMask = 2147483647;
			files = (
				7A3515761E95B153003F6CBB /* ft_atoi.c in Sources */,
				7A3515951E95B153003F6CBB /* ft_putstr_fd.c in Sources */,
				7A4A3F741E67A45400D8788B /* new_tet.c in Sources */,
				7A3515A41E95B153003F6CBB /* ft_strmapi.c in Sources */,
				7A3515A21E95B153003F6CBB /* ft_strlen.c in Sources */,
				7A3515961E95B153003F6CBB /* ft_strcat.c in Sources */,
				7A35158E1E95B153003F6CBB /* ft_putchar.c in Sources */,
				7A4A3F771E67A45400D8788B /* set_tet.c in Sources */,
				7A35158C1E95B153003F6CBB /* ft_memmove.c in Sources */,
				7A3515981E95B153003F6CBB /* ft_strclr.c in Sources */,
				7A35158B1E95B153003F6CBB /* ft_memdel.c in Sources */,
				7A3515811E95B153003F6CBB /* ft_lstdel.c in Sources */,
				7A3515851E95B153003F6CBB /* ft_lstnew.c in Sources */,
				7A35157C1E95B153003F6CBB /* ft_isdigit.c in Sources */,
				7A3515A91E95B153003F6CBB /* ft_strnew.c in Sources */,
				7A3515A31E95B153003F6CBB /* ft_strmap.c in Sources */,
				7A3515AA1E95B153003F6CBB /* ft_strnstr.c in Sources */,
				7A3515861E95B153003F6CBB /* ft_memalloc.c in Sources */,
				7A3515AF1E95B153003F6CBB /* ft_strtrim.c in Sources */,
				7A4A3F731E67A45400D8788B /* solver.c in Sources */,
				7A3515841E95B153003F6CBB /* ft_lstmap.c in Sources */,
				7A3515B41E95B153003F6CBB /* Makefile in Sources */,
				7A3515871E95B153003F6CBB /* ft_memccpy.c in Sources */,
				7A35176F1EAEABCD003F6CBB /* ft_itoc.c in Sources */,
				7A35158F1E95B153003F6CBB /* ft_putchar_fd.c in Sources */,
				7A3515831E95B153003F6CBB /* ft_lstiter.c in Sources */,
				7A35159F1E95B153003F6CBB /* ft_striteri.c in Sources */,
				7A4A3F751E67A45400D8788B /* read_in.c in Sources */,
				7A3515821E95B153003F6CBB /* ft_lstdelone.c in Sources */,
				7A3515941E95B153003F6CBB /* ft_putstr.c in Sources */,
				7A3517701EAEABCD003F6CBB /* ft_swap.c in Sources */,
				7A35159E1E95B153003F6CBB /* ft_striter.c in Sources */,
				7A35176E1EAEABCD003F6CBB /* ft_ctdigits.c in Sources */,
				7A35159A1E95B153003F6CBB /* ft_strcpy.c in Sources */,
				7A3515AD1E95B153003F6CBB /* ft_strstr.c in Sources */,
				7A3515A81E95B153003F6CBB /* ft_strnequ.c in Sources */,
				7A35157E1E95B153003F6CBB /* ft_itoa.c in Sources */,
				7A3515901E95B153003F6CBB /* ft_putendl.c in Sources */,
				7A35158D1E95B153003F6CBB /* ft_memset.c in Sources */,
				7A3515A01E95B153003F6CBB /* ft_strjoin.c in Sources */,
				7A3515791E95B153003F6CBB /* ft_isalnum.c in Sources */,
				7A35158A1E95B153003F6CBB /* ft_memcpy.c in Sources */,
				7A3515A11E95B153003F6CBB /* ft_strlcat.c in Sources */,
				7A4A3F781E67A45400D8788B /* tet_types.c in Sources */,
				7A35157D1E95B153003F6CBB /* ft_isprint.c in Sources */,
				7A3515B21E95B153003F6CBB /* ft_toupper.c in Sources */,
				7A3515881E95B153003F6CBB /* ft_memchr.c in Sources */,
				7A0D70951EC13F09003F2950 /* ft_strsplit2.c in Sources */,
				7A35157A1E95B153003F6CBB /* ft_isalpha.c in Sources */,
				7A3515931E95B153003F6CBB /* ft_putnbr_fd.c in Sources */,
				7A35159B1E95B153003F6CBB /* ft_strdel.c in Sources */,
				7A35157B1E95B153003F6CBB /* ft_isascii.c in Sources */,
				7A4A3F761E67A45400D8788B /* map.c in Sources */,
				7A3515771E95B153003F6CBB /* ft_bzero.c in Sources */,
				7A3515801E95B153003F6CBB /* ft_lstadd.c in Sources */,
				7A3515A51E95B153003F6CBB /* ft_strncat.c in Sources */,
				7A35159C1E95B153003F6CBB /* ft_strdup.c in Sources */,
				7A3515891E95B153003F6CBB /* ft_memcmp.c in Sources */,
				7A35159D1E95B153003F6CBB /* ft_strequ.c in Sources */,
				7A3515AE1E95B153003F6CBB /* ft_strsub.c in Sources */,
				7A3515A71E95B153003F6CBB /* ft_strncpy.c in Sources */,
				7A3515911E95B153003F6CBB /* ft_putendl_fd.c in Sources */,
				7A6764A11E68F3F200B4B60F /* main.c in Sources */,
				7A3515971E95B153003F6CBB /* ft_strchr.c in Sources */,
				7A3515921E95B153003F6CBB /* ft_putnbr.c in Sources */,
				7A4A3F791E67A45400D8788B /* check_tet.c in Sources */,
				7A3515AB1E95B153003F6CBB /* ft_strrchr.c in Sources */,
				7A3515B11E95B153003F6CBB /* ft_tolower.c in Sources */,
				7A3515A61E95B153003F6CBB /* ft_strncmp.c in Sources */,
				7A3515991E95B153003F6CBB /* ft_strcmp.c in Sources */,
				7A3515AC1E95B153003F6CBB /* ft_strsplit.c in Sources */,
			);
			runOnlyForDeploymentPostprocessing = 0;
		};
/* End PBXSourcesBuildPhase section */

/* Begin XCBuildConfiguration section */
		7AC644851E67A3A2005DD177 /* Debug */ = {
			isa = XCBuildConfiguration;
			buildSettings = {
				ALWAYS_SEARCH_USER_PATHS = NO;
				CLANG_ANALYZER_NONNULL = YES;
				CLANG_CXX_LANGUAGE_STANDARD = "gnu++0x";
				CLANG_CXX_LIBRARY = "libc++";
				CLANG_ENABLE_MODULES = YES;
				CLANG_ENABLE_OBJC_ARC = YES;
				CLANG_WARN_BOOL_CONVERSION = YES;
				CLANG_WARN_CONSTANT_CONVERSION = YES;
				CLANG_WARN_DIRECT_OBJC_ISA_USAGE = YES_ERROR;
				CLANG_WARN_EMPTY_BODY = YES;
				CLANG_WARN_ENUM_CONVERSION = YES;
				CLANG_WARN_INFINITE_RECURSION = YES;
				CLANG_WARN_INT_CONVERSION = YES;
				CLANG_WARN_OBJC_ROOT_CLASS = YES_ERROR;
				CLANG_WARN_SUSPICIOUS_MOVE = YES;
				CLANG_WARN_UNREACHABLE_CODE = YES;
				CLANG_WARN__DUPLICATE_METHOD_MATCH = YES;
				CODE_SIGN_IDENTITY = "-";
				COPY_PHASE_STRIP = NO;
				DEBUG_INFORMATION_FORMAT = dwarf;
				ENABLE_STRICT_OBJC_MSGSEND = YES;
				ENABLE_TESTABILITY = YES;
				GCC_C_LANGUAGE_STANDARD = gnu99;
				GCC_DYNAMIC_NO_PIC = NO;
				GCC_NO_COMMON_BLOCKS = YES;
				GCC_OPTIMIZATION_LEVEL = 0;
				GCC_PREPROCESSOR_DEFINITIONS = (
					"DEBUG=1",
					"$(inherited)",
				);
				GCC_WARN_64_TO_32_BIT_CONVERSION = YES;
				GCC_WARN_ABOUT_RETURN_TYPE = YES_ERROR;
				GCC_WARN_UNDECLARED_SELECTOR = YES;
				GCC_WARN_UNINITIALIZED_AUTOS = YES_AGGRESSIVE;
				GCC_WARN_UNUSED_FUNCTION = YES;
				GCC_WARN_UNUSED_VARIABLE = YES;
				MACOSX_DEPLOYMENT_TARGET = 10.11;
				MTL_ENABLE_DEBUG_INFO = YES;
				ONLY_ACTIVE_ARCH = YES;
				SDKROOT = macosx;
			};
			name = Debug;
		};
		7AC644861E67A3A2005DD177 /* Release */ = {
			isa = XCBuildConfiguration;
			buildSettings = {
				ALWAYS_SEARCH_USER_PATHS = NO;
				CLANG_ANALYZER_NONNULL = YES;
				CLANG_CXX_LANGUAGE_STANDARD = "gnu++0x";
				CLANG_CXX_LIBRARY = "libc++";
				CLANG_ENABLE_MODULES = YES;
				CLANG_ENABLE_OBJC_ARC = YES;
				CLANG_WARN_BOOL_CONVERSION = YES;
				CLANG_WARN_CONSTANT_CONVERSION = YES;
				CLANG_WARN_DIRECT_OBJC_ISA_USAGE = YES_ERROR;
				CLANG_WARN_EMPTY_BODY = YES;
				CLANG_WARN_ENUM_CONVERSION = YES;
				CLANG_WARN_INFINITE_RECURSION = YES;
				CLANG_WARN_INT_CONVERSION = YES;
				CLANG_WARN_OBJC_ROOT_CLASS = YES_ERROR;
				CLANG_WARN_SUSPICIOUS_MOVE = YES;
				CLANG_WARN_UNREACHABLE_CODE = YES;
				CLANG_WARN__DUPLICATE_METHOD_MATCH = YES;
				CODE_SIGN_IDENTITY = "-";
				COPY_PHASE_STRIP = NO;
				DEBUG_INFORMATION_FORMAT = "dwarf-with-dsym";
				ENABLE_NS_ASSERTIONS = NO;
				ENABLE_STRICT_OBJC_MSGSEND = YES;
				GCC_C_LANGUAGE_STANDARD = gnu99;
				GCC_NO_COMMON_BLOCKS = YES;
				GCC_WARN_64_TO_32_BIT_CONVERSION = YES;
				GCC_WARN_ABOUT_RETURN_TYPE = YES_ERROR;
				GCC_WARN_UNDECLARED_SELECTOR = YES;
				GCC_WARN_UNINITIALIZED_AUTOS = YES_AGGRESSIVE;
				GCC_WARN_UNUSED_FUNCTION = YES;
				GCC_WARN_UNUSED_VARIABLE = YES;
				MACOSX_DEPLOYMENT_TARGET = 10.11;
				MTL_ENABLE_DEBUG_INFO = NO;
				SDKROOT = macosx;
			};
			name = Release;
		};
		7AC644881E67A3A2005DD177 /* Debug */ = {
			isa = XCBuildConfiguration;
			buildSettings = {
				PRODUCT_NAME = "$(TARGET_NAME)";
			};
			name = Debug;
		};
		7AC644891E67A3A2005DD177 /* Release */ = {
			isa = XCBuildConfiguration;
			buildSettings = {
				PRODUCT_NAME = "$(TARGET_NAME)";
			};
			name = Release;
		};
/* End XCBuildConfiguration section */

/* Begin XCConfigurationList section */
		7AC6447B1E67A3A2005DD177 /* Build configuration list for PBXProject "fillit" */ = {
			isa = XCConfigurationList;
			buildConfigurations = (
				7AC644851E67A3A2005DD177 /* Debug */,
				7AC644861E67A3A2005DD177 /* Release */,
			);
			defaultConfigurationIsVisible = 0;
			defaultConfigurationName = Release;
		};
		7AC644871E67A3A2005DD177 /* Build configuration list for PBXNativeTarget "fillit" */ = {
			isa = XCConfigurationList;
			buildConfigurations = (
				7AC644881E67A3A2005DD177 /* Debug */,
				7AC644891E67A3A2005DD177 /* Release */,
			);
			defaultConfigurationIsVisible = 0;
			defaultConfigurationName = Release;
		};
/* End XCConfigurationList section */
	};
	rootObject = 7AC644781E67A3A2005DD177 /* Project object */;
}
