// !$*UTF8*$!
{
	archiveVersion = 1;
	classes = {
	};
	objectVersion = 46;
	objects = {

/* Begin PBXBuildFile section */
		7A4A3F331E67A45400D8788B /* ft_atoi.c in Sources */ = {isa = PBXBuildFile; fileRef = 7A4A3EE91E67A45400D8788B /* ft_atoi.c */; };
		7A4A3F341E67A45400D8788B /* ft_bzero.c in Sources */ = {isa = PBXBuildFile; fileRef = 7A4A3EEA1E67A45400D8788B /* ft_bzero.c */; };
		7A4A3F351E67A45400D8788B /* ft_ctdigits.c in Sources */ = {isa = PBXBuildFile; fileRef = 7A4A3EEB1E67A45400D8788B /* ft_ctdigits.c */; };
		7A4A3F361E67A45400D8788B /* ft_isalnum.c in Sources */ = {isa = PBXBuildFile; fileRef = 7A4A3EEC1E67A45400D8788B /* ft_isalnum.c */; };
		7A4A3F371E67A45400D8788B /* ft_isalpha.c in Sources */ = {isa = PBXBuildFile; fileRef = 7A4A3EED1E67A45400D8788B /* ft_isalpha.c */; };
		7A4A3F381E67A45400D8788B /* ft_isascii.c in Sources */ = {isa = PBXBuildFile; fileRef = 7A4A3EEE1E67A45400D8788B /* ft_isascii.c */; };
		7A4A3F391E67A45400D8788B /* ft_isdigit.c in Sources */ = {isa = PBXBuildFile; fileRef = 7A4A3EEF1E67A45400D8788B /* ft_isdigit.c */; };
		7A4A3F3A1E67A45400D8788B /* ft_isprint.c in Sources */ = {isa = PBXBuildFile; fileRef = 7A4A3EF01E67A45400D8788B /* ft_isprint.c */; };
		7A4A3F3B1E67A45400D8788B /* ft_itoa.c in Sources */ = {isa = PBXBuildFile; fileRef = 7A4A3EF11E67A45400D8788B /* ft_itoa.c */; };
		7A4A3F3C1E67A45400D8788B /* ft_itoc.c in Sources */ = {isa = PBXBuildFile; fileRef = 7A4A3EF21E67A45400D8788B /* ft_itoc.c */; };
		7A4A3F3D1E67A45400D8788B /* ft_lstadd.c in Sources */ = {isa = PBXBuildFile; fileRef = 7A4A3EF31E67A45400D8788B /* ft_lstadd.c */; };
		7A4A3F3E1E67A45400D8788B /* ft_lstdel.c in Sources */ = {isa = PBXBuildFile; fileRef = 7A4A3EF41E67A45400D8788B /* ft_lstdel.c */; };
		7A4A3F3F1E67A45400D8788B /* ft_lstdelone.c in Sources */ = {isa = PBXBuildFile; fileRef = 7A4A3EF51E67A45400D8788B /* ft_lstdelone.c */; };
		7A4A3F401E67A45400D8788B /* ft_lstiter.c in Sources */ = {isa = PBXBuildFile; fileRef = 7A4A3EF61E67A45400D8788B /* ft_lstiter.c */; };
		7A4A3F411E67A45400D8788B /* ft_lstmap.c in Sources */ = {isa = PBXBuildFile; fileRef = 7A4A3EF71E67A45400D8788B /* ft_lstmap.c */; };
		7A4A3F421E67A45400D8788B /* ft_lstnew.c in Sources */ = {isa = PBXBuildFile; fileRef = 7A4A3EF81E67A45400D8788B /* ft_lstnew.c */; };
		7A4A3F431E67A45400D8788B /* ft_memalloc.c in Sources */ = {isa = PBXBuildFile; fileRef = 7A4A3EF91E67A45400D8788B /* ft_memalloc.c */; };
		7A4A3F441E67A45400D8788B /* ft_memccpy.c in Sources */ = {isa = PBXBuildFile; fileRef = 7A4A3EFA1E67A45400D8788B /* ft_memccpy.c */; };
		7A4A3F451E67A45400D8788B /* ft_memchr.c in Sources */ = {isa = PBXBuildFile; fileRef = 7A4A3EFB1E67A45400D8788B /* ft_memchr.c */; };
		7A4A3F461E67A45400D8788B /* ft_memcmp.c in Sources */ = {isa = PBXBuildFile; fileRef = 7A4A3EFC1E67A45400D8788B /* ft_memcmp.c */; };
		7A4A3F471E67A45400D8788B /* ft_memcpy.c in Sources */ = {isa = PBXBuildFile; fileRef = 7A4A3EFD1E67A45400D8788B /* ft_memcpy.c */; };
		7A4A3F481E67A45400D8788B /* ft_memdel.c in Sources */ = {isa = PBXBuildFile; fileRef = 7A4A3EFE1E67A45400D8788B /* ft_memdel.c */; };
		7A4A3F491E67A45400D8788B /* ft_memmove.c in Sources */ = {isa = PBXBuildFile; fileRef = 7A4A3EFF1E67A45400D8788B /* ft_memmove.c */; };
		7A4A3F4A1E67A45400D8788B /* ft_memset.c in Sources */ = {isa = PBXBuildFile; fileRef = 7A4A3F001E67A45400D8788B /* ft_memset.c */; };
		7A4A3F4B1E67A45400D8788B /* ft_putchar.c in Sources */ = {isa = PBXBuildFile; fileRef = 7A4A3F011E67A45400D8788B /* ft_putchar.c */; };
		7A4A3F4C1E67A45400D8788B /* ft_putchar_fd.c in Sources */ = {isa = PBXBuildFile; fileRef = 7A4A3F021E67A45400D8788B /* ft_putchar_fd.c */; };
		7A4A3F4D1E67A45400D8788B /* ft_putendl.c in Sources */ = {isa = PBXBuildFile; fileRef = 7A4A3F031E67A45400D8788B /* ft_putendl.c */; };
		7A4A3F4E1E67A45400D8788B /* ft_putendl_fd.c in Sources */ = {isa = PBXBuildFile; fileRef = 7A4A3F041E67A45400D8788B /* ft_putendl_fd.c */; };
		7A4A3F4F1E67A45400D8788B /* ft_putnbr.c in Sources */ = {isa = PBXBuildFile; fileRef = 7A4A3F051E67A45400D8788B /* ft_putnbr.c */; };
		7A4A3F501E67A45400D8788B /* ft_putnbr_fd.c in Sources */ = {isa = PBXBuildFile; fileRef = 7A4A3F061E67A45400D8788B /* ft_putnbr_fd.c */; };
		7A4A3F511E67A45400D8788B /* ft_putstr.c in Sources */ = {isa = PBXBuildFile; fileRef = 7A4A3F071E67A45400D8788B /* ft_putstr.c */; };
		7A4A3F521E67A45400D8788B /* ft_putstr_fd.c in Sources */ = {isa = PBXBuildFile; fileRef = 7A4A3F081E67A45400D8788B /* ft_putstr_fd.c */; };
		7A4A3F531E67A45400D8788B /* ft_strcat.c in Sources */ = {isa = PBXBuildFile; fileRef = 7A4A3F091E67A45400D8788B /* ft_strcat.c */; };
		7A4A3F541E67A45400D8788B /* ft_strchr.c in Sources */ = {isa = PBXBuildFile; fileRef = 7A4A3F0A1E67A45400D8788B /* ft_strchr.c */; };
		7A4A3F551E67A45400D8788B /* ft_strclr.c in Sources */ = {isa = PBXBuildFile; fileRef = 7A4A3F0B1E67A45400D8788B /* ft_strclr.c */; };
		7A4A3F561E67A45400D8788B /* ft_strcmp.c in Sources */ = {isa = PBXBuildFile; fileRef = 7A4A3F0C1E67A45400D8788B /* ft_strcmp.c */; };
		7A4A3F571E67A45400D8788B /* ft_strcpy.c in Sources */ = {isa = PBXBuildFile; fileRef = 7A4A3F0D1E67A45400D8788B /* ft_strcpy.c */; };
		7A4A3F581E67A45400D8788B /* ft_strdel.c in Sources */ = {isa = PBXBuildFile; fileRef = 7A4A3F0E1E67A45400D8788B /* ft_strdel.c */; };
		7A4A3F591E67A45400D8788B /* ft_strdup.c in Sources */ = {isa = PBXBuildFile; fileRef = 7A4A3F0F1E67A45400D8788B /* ft_strdup.c */; };
		7A4A3F5A1E67A45400D8788B /* ft_strequ.c in Sources */ = {isa = PBXBuildFile; fileRef = 7A4A3F101E67A45400D8788B /* ft_strequ.c */; };
		7A4A3F5B1E67A45400D8788B /* ft_striter.c in Sources */ = {isa = PBXBuildFile; fileRef = 7A4A3F111E67A45400D8788B /* ft_striter.c */; };
		7A4A3F5C1E67A45400D8788B /* ft_striteri.c in Sources */ = {isa = PBXBuildFile; fileRef = 7A4A3F121E67A45400D8788B /* ft_striteri.c */; };
		7A4A3F5D1E67A45400D8788B /* ft_strjoin.c in Sources */ = {isa = PBXBuildFile; fileRef = 7A4A3F131E67A45400D8788B /* ft_strjoin.c */; };
		7A4A3F5E1E67A45400D8788B /* ft_strlcat.c in Sources */ = {isa = PBXBuildFile; fileRef = 7A4A3F141E67A45400D8788B /* ft_strlcat.c */; };
		7A4A3F5F1E67A45400D8788B /* ft_strlen.c in Sources */ = {isa = PBXBuildFile; fileRef = 7A4A3F151E67A45400D8788B /* ft_strlen.c */; };
		7A4A3F601E67A45400D8788B /* ft_strmap.c in Sources */ = {isa = PBXBuildFile; fileRef = 7A4A3F161E67A45400D8788B /* ft_strmap.c */; };
		7A4A3F611E67A45400D8788B /* ft_strmapi.c in Sources */ = {isa = PBXBuildFile; fileRef = 7A4A3F171E67A45400D8788B /* ft_strmapi.c */; };
		7A4A3F621E67A45400D8788B /* ft_strncat.c in Sources */ = {isa = PBXBuildFile; fileRef = 7A4A3F181E67A45400D8788B /* ft_strncat.c */; };
		7A4A3F631E67A45400D8788B /* ft_strncmp.c in Sources */ = {isa = PBXBuildFile; fileRef = 7A4A3F191E67A45400D8788B /* ft_strncmp.c */; };
		7A4A3F641E67A45400D8788B /* ft_strncpy.c in Sources */ = {isa = PBXBuildFile; fileRef = 7A4A3F1A1E67A45400D8788B /* ft_strncpy.c */; };
		7A4A3F651E67A45400D8788B /* ft_strnequ.c in Sources */ = {isa = PBXBuildFile; fileRef = 7A4A3F1B1E67A45400D8788B /* ft_strnequ.c */; };
		7A4A3F661E67A45400D8788B /* ft_strnew.c in Sources */ = {isa = PBXBuildFile; fileRef = 7A4A3F1C1E67A45400D8788B /* ft_strnew.c */; };
		7A4A3F671E67A45400D8788B /* ft_strnstr.c in Sources */ = {isa = PBXBuildFile; fileRef = 7A4A3F1D1E67A45400D8788B /* ft_strnstr.c */; };
		7A4A3F681E67A45400D8788B /* ft_strrchr.c in Sources */ = {isa = PBXBuildFile; fileRef = 7A4A3F1E1E67A45400D8788B /* ft_strrchr.c */; };
		7A4A3F691E67A45400D8788B /* ft_strsplit.c in Sources */ = {isa = PBXBuildFile; fileRef = 7A4A3F1F1E67A45400D8788B /* ft_strsplit.c */; };
		7A4A3F6A1E67A45400D8788B /* ft_strstr.c in Sources */ = {isa = PBXBuildFile; fileRef = 7A4A3F201E67A45400D8788B /* ft_strstr.c */; };
		7A4A3F6B1E67A45400D8788B /* ft_strsub.c in Sources */ = {isa = PBXBuildFile; fileRef = 7A4A3F211E67A45400D8788B /* ft_strsub.c */; };
		7A4A3F6C1E67A45400D8788B /* ft_strtrim.c in Sources */ = {isa = PBXBuildFile; fileRef = 7A4A3F221E67A45400D8788B /* ft_strtrim.c */; };
		7A4A3F6D1E67A45400D8788B /* ft_swap.c in Sources */ = {isa = PBXBuildFile; fileRef = 7A4A3F231E67A45400D8788B /* ft_swap.c */; };
		7A4A3F6E1E67A45400D8788B /* ft_tolower.c in Sources */ = {isa = PBXBuildFile; fileRef = 7A4A3F241E67A45400D8788B /* ft_tolower.c */; };
		7A4A3F6F1E67A45400D8788B /* ft_toupper.c in Sources */ = {isa = PBXBuildFile; fileRef = 7A4A3F251E67A45400D8788B /* ft_toupper.c */; };
		7A4A3F731E67A45400D8788B /* solver.c in Sources */ = {isa = PBXBuildFile; fileRef = 7A4A3F2A1E67A45400D8788B /* solver.c */; };
		7A4A3F741E67A45400D8788B /* new_tet.c in Sources */ = {isa = PBXBuildFile; fileRef = 7A4A3F2C1E67A45400D8788B /* new_tet.c */; };
		7A4A3F751E67A45400D8788B /* read_in.c in Sources */ = {isa = PBXBuildFile; fileRef = 7A4A3F2D1E67A45400D8788B /* read_in.c */; };
		7A4A3F761E67A45400D8788B /* map.c in Sources */ = {isa = PBXBuildFile; fileRef = 7A4A3F2E1E67A45400D8788B /* map.c */; };
		7A4A3F771E67A45400D8788B /* set_tet.c in Sources */ = {isa = PBXBuildFile; fileRef = 7A4A3F2F1E67A45400D8788B /* set_tet.c */; };
		7A4A3F781E67A45400D8788B /* tet_types.c in Sources */ = {isa = PBXBuildFile; fileRef = 7A4A3F301E67A45400D8788B /* tet_types.c */; };
		7A4A3F791E67A45400D8788B /* check_tet.c in Sources */ = {isa = PBXBuildFile; fileRef = 7A4A3F311E67A45400D8788B /* check_tet.c */; };
		7A6764A11E68F3F200B4B60F /* main.c in Sources */ = {isa = PBXBuildFile; fileRef = 7A6764A01E68F3F200B4B60F /* main.c */; };
/* End PBXBuildFile section */

/* Begin PBXCopyFilesBuildPhase section */
		7AC6447E1E67A3A2005DD177 /* CopyFiles */ = {
			isa = PBXCopyFilesBuildPhase;
			buildActionMask = 2147483647;
			dstPath = /usr/share/man/man1/;
			dstSubfolderSpec = 0;
			files = (
			);
			runOnlyForDeploymentPostprocessing = 1;
		};
/* End PBXCopyFilesBuildPhase section */

/* Begin PBXFileReference section */
		7A29F35C1E70CD9B0098B803 /* small_test.txt */ = {isa = PBXFileReference; fileEncoding = 4; lastKnownFileType = text; path = small_test.txt; sourceTree = "<group>"; };
		7A4A3EE71E67A45400D8788B /* .gitignore */ = {isa = PBXFileReference; fileEncoding = 4; lastKnownFileType = text; path = .gitignore; sourceTree = "<group>"; };
		7A4A3EE81E67A45400D8788B /* author */ = {isa = PBXFileReference; fileEncoding = 4; lastKnownFileType = text; path = author; sourceTree = "<group>"; };
		7A4A3EE91E67A45400D8788B /* ft_atoi.c */ = {isa = PBXFileReference; fileEncoding = 4; lastKnownFileType = sourcecode.c.c; path = ft_atoi.c; sourceTree = "<group>"; };
		7A4A3EEA1E67A45400D8788B /* ft_bzero.c */ = {isa = PBXFileReference; fileEncoding = 4; lastKnownFileType = sourcecode.c.c; path = ft_bzero.c; sourceTree = "<group>"; };
		7A4A3EEB1E67A45400D8788B /* ft_ctdigits.c */ = {isa = PBXFileReference; fileEncoding = 4; lastKnownFileType = sourcecode.c.c; path = ft_ctdigits.c; sourceTree = "<group>"; };
		7A4A3EEC1E67A45400D8788B /* ft_isalnum.c */ = {isa = PBXFileReference; fileEncoding = 4; lastKnownFileType = sourcecode.c.c; path = ft_isalnum.c; sourceTree = "<group>"; };
		7A4A3EED1E67A45400D8788B /* ft_isalpha.c */ = {isa = PBXFileReference; fileEncoding = 4; lastKnownFileType = sourcecode.c.c; path = ft_isalpha.c; sourceTree = "<group>"; };
		7A4A3EEE1E67A45400D8788B /* ft_isascii.c */ = {isa = PBXFileReference; fileEncoding = 4; lastKnownFileType = sourcecode.c.c; path = ft_isascii.c; sourceTree = "<group>"; };
		7A4A3EEF1E67A45400D8788B /* ft_isdigit.c */ = {isa = PBXFileReference; fileEncoding = 4; lastKnownFileType = sourcecode.c.c; path = ft_isdigit.c; sourceTree = "<group>"; };
		7A4A3EF01E67A45400D8788B /* ft_isprint.c */ = {isa = PBXFileReference; fileEncoding = 4; lastKnownFileType = sourcecode.c.c; path = ft_isprint.c; sourceTree = "<group>"; };
		7A4A3EF11E67A45400D8788B /* ft_itoa.c */ = {isa = PBXFileReference; fileEncoding = 4; lastKnownFileType = sourcecode.c.c; path = ft_itoa.c; sourceTree = "<group>"; };
		7A4A3EF21E67A45400D8788B /* ft_itoc.c */ = {isa = PBXFileReference; fileEncoding = 4; lastKnownFileType = sourcecode.c.c; path = ft_itoc.c; sourceTree = "<group>"; };
		7A4A3EF31E67A45400D8788B /* ft_lstadd.c */ = {isa = PBXFileReference; fileEncoding = 4; lastKnownFileType = sourcecode.c.c; path = ft_lstadd.c; sourceTree = "<group>"; };
		7A4A3EF41E67A45400D8788B /* ft_lstdel.c */ = {isa = PBXFileReference; fileEncoding = 4; lastKnownFileType = sourcecode.c.c; path = ft_lstdel.c; sourceTree = "<group>"; };
		7A4A3EF51E67A45400D8788B /* ft_lstdelone.c */ = {isa = PBXFileReference; fileEncoding = 4; lastKnownFileType = sourcecode.c.c; path = ft_lstdelone.c; sourceTree = "<group>"; };
		7A4A3EF61E67A45400D8788B /* ft_lstiter.c */ = {isa = PBXFileReference; fileEncoding = 4; lastKnownFileType = sourcecode.c.c; path = ft_lstiter.c; sourceTree = "<group>"; };
		7A4A3EF71E67A45400D8788B /* ft_lstmap.c */ = {isa = PBXFileReference; fileEncoding = 4; lastKnownFileType = sourcecode.c.c; path = ft_lstmap.c; sourceTree = "<group>"; };
		7A4A3EF81E67A45400D8788B /* ft_lstnew.c */ = {isa = PBXFileReference; fileEncoding = 4; lastKnownFileType = sourcecode.c.c; path = ft_lstnew.c; sourceTree = "<group>"; };
		7A4A3EF91E67A45400D8788B /* ft_memalloc.c */ = {isa = PBXFileReference; fileEncoding = 4; lastKnownFileType = sourcecode.c.c; path = ft_memalloc.c; sourceTree = "<group>"; };
		7A4A3EFA1E67A45400D8788B /* ft_memccpy.c */ = {isa = PBXFileReference; fileEncoding = 4; lastKnownFileType = sourcecode.c.c; path = ft_memccpy.c; sourceTree = "<group>"; };
		7A4A3EFB1E67A45400D8788B /* ft_memchr.c */ = {isa = PBXFileReference; fileEncoding = 4; lastKnownFileType = sourcecode.c.c; path = ft_memchr.c; sourceTree = "<group>"; };
		7A4A3EFC1E67A45400D8788B /* ft_memcmp.c */ = {isa = PBXFileReference; fileEncoding = 4; lastKnownFileType = sourcecode.c.c; path = ft_memcmp.c; sourceTree = "<group>"; };
		7A4A3EFD1E67A45400D8788B /* ft_memcpy.c */ = {isa = PBXFileReference; fileEncoding = 4; lastKnownFileType = sourcecode.c.c; path = ft_memcpy.c; sourceTree = "<group>"; };
		7A4A3EFE1E67A45400D8788B /* ft_memdel.c */ = {isa = PBXFileReference; fileEncoding = 4; lastKnownFileType = sourcecode.c.c; path = ft_memdel.c; sourceTree = "<group>"; };
		7A4A3EFF1E67A45400D8788B /* ft_memmove.c */ = {isa = PBXFileReference; fileEncoding = 4; lastKnownFileType = sourcecode.c.c; path = ft_memmove.c; sourceTree = "<group>"; };
		7A4A3F001E67A45400D8788B /* ft_memset.c */ = {isa = PBXFileReference; fileEncoding = 4; lastKnownFileType = sourcecode.c.c; path = ft_memset.c; sourceTree = "<group>"; };
		7A4A3F011E67A45400D8788B /* ft_putchar.c */ = {isa = PBXFileReference; fileEncoding = 4; lastKnownFileType = sourcecode.c.c; path = ft_putchar.c; sourceTree = "<group>"; };
		7A4A3F021E67A45400D8788B /* ft_putchar_fd.c */ = {isa = PBXFileReference; fileEncoding = 4; lastKnownFileType = sourcecode.c.c; path = ft_putchar_fd.c; sourceTree = "<group>"; };
		7A4A3F031E67A45400D8788B /* ft_putendl.c */ = {isa = PBXFileReference; fileEncoding = 4; lastKnownFileType = sourcecode.c.c; path = ft_putendl.c; sourceTree = "<group>"; };
		7A4A3F041E67A45400D8788B /* ft_putendl_fd.c */ = {isa = PBXFileReference; fileEncoding = 4; lastKnownFileType = sourcecode.c.c; path = ft_putendl_fd.c; sourceTree = "<group>"; };
		7A4A3F051E67A45400D8788B /* ft_putnbr.c */ = {isa = PBXFileReference; fileEncoding = 4; lastKnownFileType = sourcecode.c.c; path = ft_putnbr.c; sourceTree = "<group>"; };
		7A4A3F061E67A45400D8788B /* ft_putnbr_fd.c */ = {isa = PBXFileReference; fileEncoding = 4; lastKnownFileType = sourcecode.c.c; path = ft_putnbr_fd.c; sourceTree = "<group>"; };
		7A4A3F071E67A45400D8788B /* ft_putstr.c */ = {isa = PBXFileReference; fileEncoding = 4; lastKnownFileType = sourcecode.c.c; path = ft_putstr.c; sourceTree = "<group>"; };
		7A4A3F081E67A45400D8788B /* ft_putstr_fd.c */ = {isa = PBXFileReference; fileEncoding = 4; lastKnownFileType = sourcecode.c.c; path = ft_putstr_fd.c; sourceTree = "<group>"; };
		7A4A3F091E67A45400D8788B /* ft_strcat.c */ = {isa = PBXFileReference; fileEncoding = 4; lastKnownFileType = sourcecode.c.c; path = ft_strcat.c; sourceTree = "<group>"; };
		7A4A3F0A1E67A45400D8788B /* ft_strchr.c */ = {isa = PBXFileReference; fileEncoding = 4; lastKnownFileType = sourcecode.c.c; path = ft_strchr.c; sourceTree = "<group>"; };
		7A4A3F0B1E67A45400D8788B /* ft_strclr.c */ = {isa = PBXFileReference; fileEncoding = 4; lastKnownFileType = sourcecode.c.c; path = ft_strclr.c; sourceTree = "<group>"; };
		7A4A3F0C1E67A45400D8788B /* ft_strcmp.c */ = {isa = PBXFileReference; fileEncoding = 4; lastKnownFileType = sourcecode.c.c; path = ft_strcmp.c; sourceTree = "<group>"; };
		7A4A3F0D1E67A45400D8788B /* ft_strcpy.c */ = {isa = PBXFileReference; fileEncoding = 4; lastKnownFileType = sourcecode.c.c; path = ft_strcpy.c; sourceTree = "<group>"; };
		7A4A3F0E1E67A45400D8788B /* ft_strdel.c */ = {isa = PBXFileReference; fileEncoding = 4; lastKnownFileType = sourcecode.c.c; path = ft_strdel.c; sourceTree = "<group>"; };
		7A4A3F0F1E67A45400D8788B /* ft_strdup.c */ = {isa = PBXFileReference; fileEncoding = 4; lastKnownFileType = sourcecode.c.c; path = ft_strdup.c; sourceTree = "<group>"; };
		7A4A3F101E67A45400D8788B /* ft_strequ.c */ = {isa = PBXFileReference; fileEncoding = 4; lastKnownFileType = sourcecode.c.c; path = ft_strequ.c; sourceTree = "<group>"; };
		7A4A3F111E67A45400D8788B /* ft_striter.c */ = {isa = PBXFileReference; fileEncoding = 4; lastKnownFileType = sourcecode.c.c; path = ft_striter.c; sourceTree = "<group>"; };
		7A4A3F121E67A45400D8788B /* ft_striteri.c */ = {isa = PBXFileReference; fileEncoding = 4; lastKnownFileType = sourcecode.c.c; path = ft_striteri.c; sourceTree = "<group>"; };
		7A4A3F131E67A45400D8788B /* ft_strjoin.c */ = {isa = PBXFileReference; fileEncoding = 4; lastKnownFileType = sourcecode.c.c; path = ft_strjoin.c; sourceTree = "<group>"; };
		7A4A3F141E67A45400D8788B /* ft_strlcat.c */ = {isa = PBXFileReference; fileEncoding = 4; lastKnownFileType = sourcecode.c.c; path = ft_strlcat.c; sourceTree = "<group>"; };
		7A4A3F151E67A45400D8788B /* ft_strlen.c */ = {isa = PBXFileReference; fileEncoding = 4; lastKnownFileType = sourcecode.c.c; path = ft_strlen.c; sourceTree = "<group>"; };
		7A4A3F161E67A45400D8788B /* ft_strmap.c */ = {isa = PBXFileReference; fileEncoding = 4; lastKnownFileType = sourcecode.c.c; path = ft_strmap.c; sourceTree = "<group>"; };
		7A4A3F171E67A45400D8788B /* ft_strmapi.c */ = {isa = PBXFileReference; fileEncoding = 4; lastKnownFileType = sourcecode.c.c; path = ft_strmapi.c; sourceTree = "<group>"; };
		7A4A3F181E67A45400D8788B /* ft_strncat.c */ = {isa = PBXFileReference; fileEncoding = 4; lastKnownFileType = sourcecode.c.c; path = ft_strncat.c; sourceTree = "<group>"; };
		7A4A3F191E67A45400D8788B /* ft_strncmp.c */ = {isa = PBXFileReference; fileEncoding = 4; lastKnownFileType = sourcecode.c.c; path = ft_strncmp.c; sourceTree = "<group>"; };
		7A4A3F1A1E67A45400D8788B /* ft_strncpy.c */ = {isa = PBXFileReference; fileEncoding = 4; lastKnownFileType = sourcecode.c.c; path = ft_strncpy.c; sourceTree = "<group>"; };
		7A4A3F1B1E67A45400D8788B /* ft_strnequ.c */ = {isa = PBXFileReference; fileEncoding = 4; lastKnownFileType = sourcecode.c.c; path = ft_strnequ.c; sourceTree = "<group>"; };
		7A4A3F1C1E67A45400D8788B /* ft_strnew.c */ = {isa = PBXFileReference; fileEncoding = 4; lastKnownFileType = sourcecode.c.c; path = ft_strnew.c; sourceTree = "<group>"; };
		7A4A3F1D1E67A45400D8788B /* ft_strnstr.c */ = {isa = PBXFileReference; fileEncoding = 4; lastKnownFileType = sourcecode.c.c; path = ft_strnstr.c; sourceTree = "<group>"; };
		7A4A3F1E1E67A45400D8788B /* ft_strrchr.c */ = {isa = PBXFileReference; fileEncoding = 4; lastKnownFileType = sourcecode.c.c; path = ft_strrchr.c; sourceTree = "<group>"; };
		7A4A3F1F1E67A45400D8788B /* ft_strsplit.c */ = {isa = PBXFileReference; fileEncoding = 4; lastKnownFileType = sourcecode.c.c; path = ft_strsplit.c; sourceTree = "<group>"; };
		7A4A3F201E67A45400D8788B /* ft_strstr.c */ = {isa = PBXFileReference; fileEncoding = 4; lastKnownFileType = sourcecode.c.c; path = ft_strstr.c; sourceTree = "<group>"; };
		7A4A3F211E67A45400D8788B /* ft_strsub.c */ = {isa = PBXFileReference; fileEncoding = 4; lastKnownFileType = sourcecode.c.c; path = ft_strsub.c; sourceTree = "<group>"; };
		7A4A3F221E67A45400D8788B /* ft_strtrim.c */ = {isa = PBXFileReference; fileEncoding = 4; lastKnownFileType = sourcecode.c.c; path = ft_strtrim.c; sourceTree = "<group>"; };
		7A4A3F231E67A45400D8788B /* ft_swap.c */ = {isa = PBXFileReference; fileEncoding = 4; lastKnownFileType = sourcecode.c.c; path = ft_swap.c; sourceTree = "<group>"; };
		7A4A3F241E67A45400D8788B /* ft_tolower.c */ = {isa = PBXFileReference; fileEncoding = 4; lastKnownFileType = sourcecode.c.c; path = ft_tolower.c; sourceTree = "<group>"; };
		7A4A3F251E67A45400D8788B /* ft_toupper.c */ = {isa = PBXFileReference; fileEncoding = 4; lastKnownFileType = sourcecode.c.c; path = ft_toupper.c; sourceTree = "<group>"; };
		7A4A3F261E67A45400D8788B /* libft.h */ = {isa = PBXFileReference; fileEncoding = 4; lastKnownFileType = sourcecode.c.h; path = libft.h; sourceTree = "<group>"; };
		7A4A3F271E67A45400D8788B /* Makefile */ = {isa = PBXFileReference; explicitFileType = sourcecode.make; fileEncoding = 4; path = Makefile; sourceTree = "<group>"; };
		7A4A3F281E67A45400D8788B /* README.md */ = {isa = PBXFileReference; fileEncoding = 4; lastKnownFileType = net.daringfireball.markdown; path = README.md; sourceTree = "<group>"; };
		7A4A3F291E67A45400D8788B /* Makefile */ = {isa = PBXFileReference; explicitFileType = sourcecode.make; fileEncoding = 4; path = Makefile; sourceTree = "<group>"; };
		7A4A3F2A1E67A45400D8788B /* solver.c */ = {isa = PBXFileReference; fileEncoding = 4; lastKnownFileType = sourcecode.c.c; path = solver.c; sourceTree = "<group>"; };
		7A4A3F2B1E67A45400D8788B /* fillit.h */ = {isa = PBXFileReference; fileEncoding = 4; lastKnownFileType = sourcecode.c.h; path = fillit.h; sourceTree = "<group>"; };
		7A4A3F2C1E67A45400D8788B /* new_tet.c */ = {isa = PBXFileReference; fileEncoding = 4; lastKnownFileType = sourcecode.c.c; path = new_tet.c; sourceTree = "<group>"; };
		7A4A3F2D1E67A45400D8788B /* read_in.c */ = {isa = PBXFileReference; fileEncoding = 4; lastKnownFileType = sourcecode.c.c; path = read_in.c; sourceTree = "<group>"; };
		7A4A3F2E1E67A45400D8788B /* map.c */ = {isa = PBXFileReference; fileEncoding = 4; lastKnownFileType = sourcecode.c.c; path = map.c; sourceTree = "<group>"; };
		7A4A3F2F1E67A45400D8788B /* set_tet.c */ = {isa = PBXFileReference; fileEncoding = 4; lastKnownFileType = sourcecode.c.c; path = set_tet.c; sourceTree = "<group>"; };
		7A4A3F301E67A45400D8788B /* tet_types.c */ = {isa = PBXFileReference; fileEncoding = 4; lastKnownFileType = sourcecode.c.c; path = tet_types.c; sourceTree = "<group>"; };
		7A4A3F311E67A45400D8788B /* check_tet.c */ = {isa = PBXFileReference; fileEncoding = 4; lastKnownFileType = sourcecode.c.c; path = check_tet.c; sourceTree = "<group>"; };
		7A4A3F321E67A45400D8788B /* test.txt */ = {isa = PBXFileReference; fileEncoding = 4; lastKnownFileType = text; path = test.txt; sourceTree = "<group>"; };
		7A6764A01E68F3F200B4B60F /* main.c */ = {isa = PBXFileReference; fileEncoding = 4; lastKnownFileType = sourcecode.c.c; path = main.c; sourceTree = "<group>"; };
		7A9D68741E70B8E900A25869 /* dots_test.txt */ = {isa = PBXFileReference; fileEncoding = 4; lastKnownFileType = text; path = dots_test.txt; sourceTree = "<group>"; };
		7AC644801E67A3A2005DD177 /* fillit */ = {isa = PBXFileReference; explicitFileType = "compiled.mach-o.executable"; includeInIndex = 0; path = fillit; sourceTree = BUILT_PRODUCTS_DIR; };
/* End PBXFileReference section */

/* Begin PBXFrameworksBuildPhase section */
		7AC6447D1E67A3A2005DD177 /* Frameworks */ = {
			isa = PBXFrameworksBuildPhase;
			buildActionMask = 2147483647;
			files = (
			);
			runOnlyForDeploymentPostprocessing = 0;
		};
/* End PBXFrameworksBuildPhase section */

/* Begin PBXGroup section */
		7A4A3EE61E67A45400D8788B /* libft */ = {
			isa = PBXGroup;
			children = (
				7A4A3EE71E67A45400D8788B /* .gitignore */,
				7A4A3EE81E67A45400D8788B /* author */,
				7A4A3EE91E67A45400D8788B /* ft_atoi.c */,
				7A4A3EEA1E67A45400D8788B /* ft_bzero.c */,
				7A4A3EEB1E67A45400D8788B /* ft_ctdigits.c */,
				7A4A3EEC1E67A45400D8788B /* ft_isalnum.c */,
				7A4A3EED1E67A45400D8788B /* ft_isalpha.c */,
				7A4A3EEE1E67A45400D8788B /* ft_isascii.c */,
				7A4A3EEF1E67A45400D8788B /* ft_isdigit.c */,
				7A4A3EF01E67A45400D8788B /* ft_isprint.c */,
				7A4A3EF11E67A45400D8788B /* ft_itoa.c */,
				7A4A3EF21E67A45400D8788B /* ft_itoc.c */,
				7A4A3EF31E67A45400D8788B /* ft_lstadd.c */,
				7A4A3EF41E67A45400D8788B /* ft_lstdel.c */,
				7A4A3EF51E67A45400D8788B /* ft_lstdelone.c */,
				7A4A3EF61E67A45400D8788B /* ft_lstiter.c */,
				7A4A3EF71E67A45400D8788B /* ft_lstmap.c */,
				7A4A3EF81E67A45400D8788B /* ft_lstnew.c */,
				7A4A3EF91E67A45400D8788B /* ft_memalloc.c */,
				7A4A3EFA1E67A45400D8788B /* ft_memccpy.c */,
				7A4A3EFB1E67A45400D8788B /* ft_memchr.c */,
				7A4A3EFC1E67A45400D8788B /* ft_memcmp.c */,
				7A4A3EFD1E67A45400D8788B /* ft_memcpy.c */,
				7A4A3EFE1E67A45400D8788B /* ft_memdel.c */,
				7A4A3EFF1E67A45400D8788B /* ft_memmove.c */,
				7A4A3F001E67A45400D8788B /* ft_memset.c */,
				7A4A3F011E67A45400D8788B /* ft_putchar.c */,
				7A4A3F021E67A45400D8788B /* ft_putchar_fd.c */,
				7A4A3F031E67A45400D8788B /* ft_putendl.c */,
				7A4A3F041E67A45400D8788B /* ft_putendl_fd.c */,
				7A4A3F051E67A45400D8788B /* ft_putnbr.c */,
				7A4A3F061E67A45400D8788B /* ft_putnbr_fd.c */,
				7A4A3F071E67A45400D8788B /* ft_putstr.c */,
				7A4A3F081E67A45400D8788B /* ft_putstr_fd.c */,
				7A4A3F091E67A45400D8788B /* ft_strcat.c */,
				7A4A3F0A1E67A45400D8788B /* ft_strchr.c */,
				7A4A3F0B1E67A45400D8788B /* ft_strclr.c */,
				7A4A3F0C1E67A45400D8788B /* ft_strcmp.c */,
				7A4A3F0D1E67A45400D8788B /* ft_strcpy.c */,
				7A4A3F0E1E67A45400D8788B /* ft_strdel.c */,
				7A4A3F0F1E67A45400D8788B /* ft_strdup.c */,
				7A4A3F101E67A45400D8788B /* ft_strequ.c */,
				7A4A3F111E67A45400D8788B /* ft_striter.c */,
				7A4A3F121E67A45400D8788B /* ft_striteri.c */,
				7A4A3F131E67A45400D8788B /* ft_strjoin.c */,
				7A4A3F141E67A45400D8788B /* ft_strlcat.c */,
				7A4A3F151E67A45400D8788B /* ft_strlen.c */,
				7A4A3F161E67A45400D8788B /* ft_strmap.c */,
				7A4A3F171E67A45400D8788B /* ft_strmapi.c */,
				7A4A3F181E67A45400D8788B /* ft_strncat.c */,
				7A4A3F191E67A45400D8788B /* ft_strncmp.c */,
				7A4A3F1A1E67A45400D8788B /* ft_strncpy.c */,
				7A4A3F1B1E67A45400D8788B /* ft_strnequ.c */,
				7A4A3F1C1E67A45400D8788B /* ft_strnew.c */,
				7A4A3F1D1E67A45400D8788B /* ft_strnstr.c */,
				7A4A3F1E1E67A45400D8788B /* ft_strrchr.c */,
				7A4A3F1F1E67A45400D8788B /* ft_strsplit.c */,
				7A4A3F201E67A45400D8788B /* ft_strstr.c */,
				7A4A3F211E67A45400D8788B /* ft_strsub.c */,
				7A4A3F221E67A45400D8788B /* ft_strtrim.c */,
				7A4A3F231E67A45400D8788B /* ft_swap.c */,
				7A4A3F241E67A45400D8788B /* ft_tolower.c */,
				7A4A3F251E67A45400D8788B /* ft_toupper.c */,
				7A4A3F261E67A45400D8788B /* libft.h */,
				7A4A3F271E67A45400D8788B /* Makefile */,
				7A4A3F281E67A45400D8788B /* README.md */,
			);
			path = libft;
			sourceTree = "<group>";
		};
		7AC644771E67A3A2005DD177 = {
			isa = PBXGroup;
			children = (
				7A4A3EE61E67A45400D8788B /* libft */,
				7A4A3F291E67A45400D8788B /* Makefile */,
				7A4A3F2B1E67A45400D8788B /* fillit.h */,
				7A6764A01E68F3F200B4B60F /* main.c */,
				7A4A3F2A1E67A45400D8788B /* solver.c */,
				7A4A3F2C1E67A45400D8788B /* new_tet.c */,
				7A4A3F2D1E67A45400D8788B /* read_in.c */,
				7A4A3F2E1E67A45400D8788B /* map.c */,
				7A4A3F2F1E67A45400D8788B /* set_tet.c */,
				7A4A3F301E67A45400D8788B /* tet_types.c */,
				7A4A3F311E67A45400D8788B /* check_tet.c */,
				7A4A3F321E67A45400D8788B /* test.txt */,
				7A29F35C1E70CD9B0098B803 /* small_test.txt */,
				7A9D68741E70B8E900A25869 /* dots_test.txt */,
				7AC644811E67A3A2005DD177 /* Products */,
			);
			sourceTree = "<group>";
		};
		7AC644811E67A3A2005DD177 /* Products */ = {
			isa = PBXGroup;
			children = (
				7AC644801E67A3A2005DD177 /* fillit */,
			);
			name = Products;
			sourceTree = "<group>";
		};
/* End PBXGroup section */

/* Begin PBXNativeTarget section */
		7AC6447F1E67A3A2005DD177 /* fillit */ = {
			isa = PBXNativeTarget;
			buildConfigurationList = 7AC644871E67A3A2005DD177 /* Build configuration list for PBXNativeTarget "fillit" */;
			buildPhases = (
				7AC6447C1E67A3A2005DD177 /* Sources */,
				7AC6447D1E67A3A2005DD177 /* Frameworks */,
				7AC6447E1E67A3A2005DD177 /* CopyFiles */,
			);
			buildRules = (
			);
			dependencies = (
			);
			name = fillit;
			productName = fillit;
			productReference = 7AC644801E67A3A2005DD177 /* fillit */;
			productType = "com.apple.product-type.tool";
		};
/* End PBXNativeTarget section */

/* Begin PBXProject section */
		7AC644781E67A3A2005DD177 /* Project object */ = {
			isa = PBXProject;
			attributes = {
				LastUpgradeCheck = 0730;
				ORGANIZATIONNAME = "Ming Horn";
				TargetAttributes = {
					7AC6447F1E67A3A2005DD177 = {
						CreatedOnToolsVersion = 7.3.1;
					};
				};
			};
			buildConfigurationList = 7AC6447B1E67A3A2005DD177 /* Build configuration list for PBXProject "fillit" */;
			compatibilityVersion = "Xcode 3.2";
			developmentRegion = English;
			hasScannedForEncodings = 0;
			knownRegions = (
				en,
			);
			mainGroup = 7AC644771E67A3A2005DD177;
			productRefGroup = 7AC644811E67A3A2005DD177 /* Products */;
			projectDirPath = "";
			projectRoot = "";
			targets = (
				7AC6447F1E67A3A2005DD177 /* fillit */,
			);
		};
/* End PBXProject section */

/* Begin PBXSourcesBuildPhase section */
		7AC6447C1E67A3A2005DD177 /* Sources */ = {
			isa = PBXSourcesBuildPhase;
			buildActionMask = 2147483647;
			files = (
				7A4A3F741E67A45400D8788B /* new_tet.c in Sources */,
				7A4A3F501E67A45400D8788B /* ft_putnbr_fd.c in Sources */,
				7A4A3F351E67A45400D8788B /* ft_ctdigits.c in Sources */,
				7A4A3F6E1E67A45400D8788B /* ft_tolower.c in Sources */,
				7A4A3F571E67A45400D8788B /* ft_strcpy.c in Sources */,
				7A4A3F4D1E67A45400D8788B /* ft_putendl.c in Sources */,
				7A4A3F4F1E67A45400D8788B /* ft_putnbr.c in Sources */,
				7A4A3F771E67A45400D8788B /* set_tet.c in Sources */,
				7A4A3F621E67A45400D8788B /* ft_strncat.c in Sources */,
				7A4A3F5C1E67A45400D8788B /* ft_striteri.c in Sources */,
				7A4A3F381E67A45400D8788B /* ft_isascii.c in Sources */,
				7A4A3F421E67A45400D8788B /* ft_lstnew.c in Sources */,
				7A4A3F641E67A45400D8788B /* ft_strncpy.c in Sources */,
				7A4A3F511E67A45400D8788B /* ft_putstr.c in Sources */,
				7A4A3F531E67A45400D8788B /* ft_strcat.c in Sources */,
				7A4A3F4C1E67A45400D8788B /* ft_putchar_fd.c in Sources */,
				7A4A3F431E67A45400D8788B /* ft_memalloc.c in Sources */,
				7A4A3F651E67A45400D8788B /* ft_strnequ.c in Sources */,
				7A4A3F5B1E67A45400D8788B /* ft_striter.c in Sources */,
				7A4A3F561E67A45400D8788B /* ft_strcmp.c in Sources */,
				7A4A3F731E67A45400D8788B /* solver.c in Sources */,
				7A4A3F6F1E67A45400D8788B /* ft_toupper.c in Sources */,
				7A4A3F4E1E67A45400D8788B /* ft_putendl_fd.c in Sources */,
				7A4A3F5E1E67A45400D8788B /* ft_strlcat.c in Sources */,
				7A4A3F551E67A45400D8788B /* ft_strclr.c in Sources */,
				7A4A3F681E67A45400D8788B /* ft_strrchr.c in Sources */,
				7A4A3F661E67A45400D8788B /* ft_strnew.c in Sources */,
				7A4A3F751E67A45400D8788B /* read_in.c in Sources */,
				7A4A3F341E67A45400D8788B /* ft_bzero.c in Sources */,
				7A4A3F331E67A45400D8788B /* ft_atoi.c in Sources */,
				7A4A3F5F1E67A45400D8788B /* ft_strlen.c in Sources */,
				7A4A3F361E67A45400D8788B /* ft_isalnum.c in Sources */,
				7A4A3F781E67A45400D8788B /* tet_types.c in Sources */,
				7A4A3F5A1E67A45400D8788B /* ft_strequ.c in Sources */,
				7A4A3F451E67A45400D8788B /* ft_memchr.c in Sources */,
				7A4A3F4A1E67A45400D8788B /* ft_memset.c in Sources */,
				7A4A3F591E67A45400D8788B /* ft_strdup.c in Sources */,
				7A4A3F3E1E67A45400D8788B /* ft_lstdel.c in Sources */,
				7A4A3F481E67A45400D8788B /* ft_memdel.c in Sources */,
				7A4A3F4B1E67A45400D8788B /* ft_putchar.c in Sources */,
				7A4A3F761E67A45400D8788B /* map.c in Sources */,
				7A4A3F3F1E67A45400D8788B /* ft_lstdelone.c in Sources */,
				7A4A3F631E67A45400D8788B /* ft_strncmp.c in Sources */,
				7A4A3F521E67A45400D8788B /* ft_putstr_fd.c in Sources */,
				7A4A3F3B1E67A45400D8788B /* ft_itoa.c in Sources */,
				7A4A3F671E67A45400D8788B /* ft_strnstr.c in Sources */,
				7A4A3F441E67A45400D8788B /* ft_memccpy.c in Sources */,
				7A4A3F461E67A45400D8788B /* ft_memcmp.c in Sources */,
				7A4A3F491E67A45400D8788B /* ft_memmove.c in Sources */,
				7A4A3F411E67A45400D8788B /* ft_lstmap.c in Sources */,
				7A6764A11E68F3F200B4B60F /* main.c in Sources */,
				7A4A3F6D1E67A45400D8788B /* ft_swap.c in Sources */,
				7A4A3F581E67A45400D8788B /* ft_strdel.c in Sources */,
				7A4A3F691E67A45400D8788B /* ft_strsplit.c in Sources */,
				7A4A3F471E67A45400D8788B /* ft_memcpy.c in Sources */,
				7A4A3F3C1E67A45400D8788B /* ft_itoc.c in Sources */,
				7A4A3F401E67A45400D8788B /* ft_lstiter.c in Sources */,
				7A4A3F6A1E67A45400D8788B /* ft_strstr.c in Sources */,
				7A4A3F611E67A45400D8788B /* ft_strmapi.c in Sources */,
				7A4A3F3D1E67A45400D8788B /* ft_lstadd.c in Sources */,
				7A4A3F371E67A45400D8788B /* ft_isalpha.c in Sources */,
				7A4A3F791E67A45400D8788B /* check_tet.c in Sources */,
				7A4A3F391E67A45400D8788B /* ft_isdigit.c in Sources */,
				7A4A3F601E67A45400D8788B /* ft_strmap.c in Sources */,
				7A4A3F3A1E67A45400D8788B /* ft_isprint.c in Sources */,
				7A4A3F541E67A45400D8788B /* ft_strchr.c in Sources */,
				7A4A3F6B1E67A45400D8788B /* ft_strsub.c in Sources */,
				7A4A3F5D1E67A45400D8788B /* ft_strjoin.c in Sources */,
				7A4A3F6C1E67A45400D8788B /* ft_strtrim.c in Sources */,
			);
			runOnlyForDeploymentPostprocessing = 0;
		};
/* End PBXSourcesBuildPhase section */

/* Begin XCBuildConfiguration section */
		7AC644851E67A3A2005DD177 /* Debug */ = {
			isa = XCBuildConfiguration;
			buildSettings = {
				ALWAYS_SEARCH_USER_PATHS = NO;
				CLANG_ANALYZER_NONNULL = YES;
				CLANG_CXX_LANGUAGE_STANDARD = "gnu++0x";
				CLANG_CXX_LIBRARY = "libc++";
				CLANG_ENABLE_MODULES = YES;
				CLANG_ENABLE_OBJC_ARC = YES;
				CLANG_WARN_BOOL_CONVERSION = YES;
				CLANG_WARN_CONSTANT_CONVERSION = YES;
				CLANG_WARN_DIRECT_OBJC_ISA_USAGE = YES_ERROR;
				CLANG_WARN_EMPTY_BODY = YES;
				CLANG_WARN_ENUM_CONVERSION = YES;
				CLANG_WARN_INT_CONVERSION = YES;
				CLANG_WARN_OBJC_ROOT_CLASS = YES_ERROR;
				CLANG_WARN_UNREACHABLE_CODE = YES;
				CLANG_WARN__DUPLICATE_METHOD_MATCH = YES;
				CODE_SIGN_IDENTITY = "-";
				COPY_PHASE_STRIP = NO;
				DEBUG_INFORMATION_FORMAT = dwarf;
				ENABLE_STRICT_OBJC_MSGSEND = YES;
				ENABLE_TESTABILITY = YES;
				GCC_C_LANGUAGE_STANDARD = gnu99;
				GCC_DYNAMIC_NO_PIC = NO;
				GCC_NO_COMMON_BLOCKS = YES;
				GCC_OPTIMIZATION_LEVEL = 0;
				GCC_PREPROCESSOR_DEFINITIONS = (
					"DEBUG=1",
					"$(inherited)",
				);
				GCC_WARN_64_TO_32_BIT_CONVERSION = YES;
				GCC_WARN_ABOUT_RETURN_TYPE = YES_ERROR;
				GCC_WARN_UNDECLARED_SELECTOR = YES;
				GCC_WARN_UNINITIALIZED_AUTOS = YES_AGGRESSIVE;
				GCC_WARN_UNUSED_FUNCTION = YES;
				GCC_WARN_UNUSED_VARIABLE = YES;
				MACOSX_DEPLOYMENT_TARGET = 10.11;
				MTL_ENABLE_DEBUG_INFO = YES;
				ONLY_ACTIVE_ARCH = YES;
				SDKROOT = macosx;
			};
			name = Debug;
		};
		7AC644861E67A3A2005DD177 /* Release */ = {
			isa = XCBuildConfiguration;
			buildSettings = {
				ALWAYS_SEARCH_USER_PATHS = NO;
				CLANG_ANALYZER_NONNULL = YES;
				CLANG_CXX_LANGUAGE_STANDARD = "gnu++0x";
				CLANG_CXX_LIBRARY = "libc++";
				CLANG_ENABLE_MODULES = YES;
				CLANG_ENABLE_OBJC_ARC = YES;
				CLANG_WARN_BOOL_CONVERSION = YES;
				CLANG_WARN_CONSTANT_CONVERSION = YES;
				CLANG_WARN_DIRECT_OBJC_ISA_USAGE = YES_ERROR;
				CLANG_WARN_EMPTY_BODY = YES;
				CLANG_WARN_ENUM_CONVERSION = YES;
				CLANG_WARN_INT_CONVERSION = YES;
				CLANG_WARN_OBJC_ROOT_CLASS = YES_ERROR;
				CLANG_WARN_UNREACHABLE_CODE = YES;
				CLANG_WARN__DUPLICATE_METHOD_MATCH = YES;
				CODE_SIGN_IDENTITY = "-";
				COPY_PHASE_STRIP = NO;
				DEBUG_INFORMATION_FORMAT = "dwarf-with-dsym";
				ENABLE_NS_ASSERTIONS = NO;
				ENABLE_STRICT_OBJC_MSGSEND = YES;
				GCC_C_LANGUAGE_STANDARD = gnu99;
				GCC_NO_COMMON_BLOCKS = YES;
				GCC_WARN_64_TO_32_BIT_CONVERSION = YES;
				GCC_WARN_ABOUT_RETURN_TYPE = YES_ERROR;
				GCC_WARN_UNDECLARED_SELECTOR = YES;
				GCC_WARN_UNINITIALIZED_AUTOS = YES_AGGRESSIVE;
				GCC_WARN_UNUSED_FUNCTION = YES;
				GCC_WARN_UNUSED_VARIABLE = YES;
				MACOSX_DEPLOYMENT_TARGET = 10.11;
				MTL_ENABLE_DEBUG_INFO = NO;
				SDKROOT = macosx;
			};
			name = Release;
		};
		7AC644881E67A3A2005DD177 /* Debug */ = {
			isa = XCBuildConfiguration;
			buildSettings = {
				PRODUCT_NAME = "$(TARGET_NAME)";
			};
			name = Debug;
		};
		7AC644891E67A3A2005DD177 /* Release */ = {
			isa = XCBuildConfiguration;
			buildSettings = {
				PRODUCT_NAME = "$(TARGET_NAME)";
			};
			name = Release;
		};
/* End XCBuildConfiguration section */

/* Begin XCConfigurationList section */
		7AC6447B1E67A3A2005DD177 /* Build configuration list for PBXProject "fillit" */ = {
			isa = XCConfigurationList;
			buildConfigurations = (
				7AC644851E67A3A2005DD177 /* Debug */,
				7AC644861E67A3A2005DD177 /* Release */,
			);
			defaultConfigurationIsVisible = 0;
			defaultConfigurationName = Release;
		};
		7AC644871E67A3A2005DD177 /* Build configuration list for PBXNativeTarget "fillit" */ = {
			isa = XCConfigurationList;
			buildConfigurations = (
				7AC644881E67A3A2005DD177 /* Debug */,
				7AC644891E67A3A2005DD177 /* Release */,
			);
			defaultConfigurationIsVisible = 0;
			defaultConfigurationName = Release;
		};
/* End XCConfigurationList section */
	};
	rootObject = 7AC644781E67A3A2005DD177 /* Project object */;
}
